{
  "version": 4,
  "terraform_version": "1.6.5",
  "serial": 1850,
  "lineage": "a9d2b65b-9deb-9cd5-26d0-2af3650113f4",
  "outputs": {
    "cloudfront_domain": {
      "value": "d3k40py5iebg64.cloudfront.net",
      "type": "string"
    }
  },
  "resources": [
    {
      "mode": "data",
      "type": "aws_caller_identity",
      "name": "current",
      "provider": "provider[\"registry.terraform.io/hashicorp/aws\"]",
      "instances": [
        {
          "schema_version": 0,
          "attributes": {
            "account_id": "521440290637",
            "arn": "arn:aws:iam::521440290637:user/terraform",
            "id": "521440290637",
            "user_id": "AIDAXS2CDM5GS2M3EA7LJ"
          },
          "sensitive_attributes": []
        }
      ]
    },
    {
      "mode": "data",
      "type": "aws_lambda_invocation",
      "name": "init_dynamodb_items",
      "provider": "provider[\"registry.terraform.io/hashicorp/aws\"]",
      "instances": [
        {
          "schema_version": 0,
          "attributes": {
            "function_name": "dev_tf_websitecv_putmetrics",
            "id": "dev_tf_websitecv_putmetrics_$LATEST_d41d8cd98f00b204e9800998ecf8427e",
            "input": null,
            "qualifier": "$LATEST",
            "result": "{\"statusCode\": 200, \"body\": \"Data stored successfully for all metrics\"}"
          },
          "sensitive_attributes": []
        }
      ]
    },
    {
      "mode": "data",
      "type": "aws_region",
      "name": "current",
      "provider": "provider[\"registry.terraform.io/hashicorp/aws\"]",
      "instances": [
        {
          "schema_version": 0,
          "attributes": {
            "description": "US East (N. Virginia)",
            "endpoint": "ec2.us-east-1.amazonaws.com",
            "id": "us-east-1",
            "name": "us-east-1"
          },
          "sensitive_attributes": []
        }
      ]
    },
    {
      "mode": "data",
      "type": "local_file",
      "name": "current_aws_user_name",
      "provider": "provider[\"registry.terraform.io/hashicorp/local\"]",
      "instances": [
        {
          "schema_version": 0,
          "attributes": {
            "content": "terraform\n",
            "content_base64": "dGVycmFmb3JtCg==",
            "content_base64sha256": "HDhnIts0cHwmduyrWjCColvVGKB2ibkUNZwkP9lNUuk=",
            "content_base64sha512": "aRVHEt2BVq8T3lQYF4m627VF1jhyE3RwwT1JZo2hcJZTBQxg112VE9VGqikgBY+trCVpnkRwxL6KrhYOEhhWJw==",
            "content_md5": "e1c95baba990918bed54bf3bc91e7f5b",
            "content_sha1": "72e90adfe6e91d218166c623b28dacbe07f18e70",
            "content_sha256": "1c386722db34707c2676ecab5a3082a25bd518a07689b914359c243fd94d52e9",
            "content_sha512": "69154712dd8156af13de54181789badbb545d63872137470c13d49668da1709653050c60d75d9513d546aa2920058fadac25699e4470c4be8aae160e12185627",
            "filename": "./temp/.current_aws_user_name.txt",
            "id": "72e90adfe6e91d218166c623b28dacbe07f18e70"
          },
          "sensitive_attributes": []
        }
      ]
    },
    {
      "mode": "data",
      "type": "template_file",
      "name": "js_vars",
      "provider": "provider[\"registry.terraform.io/hashicorp/template\"]",
      "instances": [
        {
          "schema_version": 0,
          "attributes": {
            "filename": null,
            "id": "a6561efbe7670e5d47799a4c9da6d34224a93d20a18a4e93ef6757ab0b55d2be",
            "rendered": "// These variables are dynamically created by Terraform\n\nvar websitecv_vars = {\n  metrics_api_url : \"https://rsrmqo3bh3.execute-api.us-east-1.amazonaws.com/prod/metrics\"\n}\n",
            "template": "// These variables are dynamically created by Terraform\n\nvar websitecv_vars = {\n  metrics_api_url : \"${metrics_api_url}\"\n}\n",
            "vars": {
              "metrics_api_url": "https://rsrmqo3bh3.execute-api.us-east-1.amazonaws.com/prod/metrics"
            }
          },
          "sensitive_attributes": []
        }
      ]
    },
    {
      "mode": "managed",
      "type": "aws_codecommit_repository",
      "name": "websitecv_html_repo",
      "provider": "provider[\"registry.terraform.io/hashicorp/aws\"]",
      "instances": [
        {
          "schema_version": 0,
          "attributes": {
            "arn": "arn:aws:codecommit:us-east-1:521440290637:dev-websitecv-html-repo",
            "clone_url_http": "https://git-codecommit.us-east-1.amazonaws.com/v1/repos/dev-websitecv-html-repo",
            "clone_url_ssh": "ssh://git-codecommit.us-east-1.amazonaws.com/v1/repos/dev-websitecv-html-repo",
            "default_branch": "master",
            "description": "repo for pushing web files to S3",
            "id": "dev-websitecv-html-repo",
            "repository_id": "b60cf77d-961d-48b9-8355-8c52707d5f2b",
            "repository_name": "dev-websitecv-html-repo",
            "tags": {},
            "tags_all": {
              "CreatedBy": "Corbin Grossen",
              "Project": "websitecv",
              "Stage": "dev"
            }
          },
          "sensitive_attributes": [],
          "private": "bnVsbA=="
        }
      ]
    },
    {
      "mode": "managed",
      "type": "aws_iam_service_specific_credential",
      "name": "codecommit_creds",
      "provider": "provider[\"registry.terraform.io/hashicorp/aws\"]",
      "instances": []
    },
    {
      "mode": "managed",
      "type": "aws_lambda_function",
      "name": "lambda_tf_proxy_websitecv_getmetrics",
      "provider": "provider[\"registry.terraform.io/hashicorp/aws\"]",
      "instances": [
        {
          "schema_version": 0,
          "attributes": {
            "architectures": [
              "x86_64"
            ],
            "arn": "arn:aws:lambda:us-east-1:521440290637:function:dev_tf_proxy_websitecv_getmetrics",
            "code_signing_config_arn": "",
            "dead_letter_config": [],
            "description": "",
            "environment": [
              {
                "variables": {
                  "VPC_ENDPOINT_DNS": "10va4d8ezi.execute-api.us-east-1.amazonaws.com"
                }
              }
            ],
            "ephemeral_storage": [
              {
                "size": 512
              }
            ],
            "file_system_config": [],
            "filename": "lambda/tf_proxy_websitecv_getmetrics.zip",
            "function_name": "dev_tf_proxy_websitecv_getmetrics",
            "handler": "lambda_function.lambda_handler",
            "id": "dev_tf_proxy_websitecv_getmetrics",
            "image_config": [],
            "image_uri": "",
            "invoke_arn": "arn:aws:apigateway:us-east-1:lambda:path/2015-03-31/functions/arn:aws:lambda:us-east-1:521440290637:function:dev_tf_proxy_websitecv_getmetrics/invocations",
            "kms_key_arn": "",
            "last_modified": "2023-12-12T00:03:22.116+0000",
            "layers": [],
            "memory_size": 128,
            "package_type": "Zip",
            "publish": false,
            "qualified_arn": "arn:aws:lambda:us-east-1:521440290637:function:dev_tf_proxy_websitecv_getmetrics:$LATEST",
            "qualified_invoke_arn": "arn:aws:apigateway:us-east-1:lambda:path/2015-03-31/functions/arn:aws:lambda:us-east-1:521440290637:function:dev_tf_proxy_websitecv_getmetrics:$LATEST/invocations",
            "replace_security_groups_on_destroy": null,
            "replacement_security_group_ids": null,
            "reserved_concurrent_executions": -1,
            "role": "arn:aws:iam::521440290637:role/dev_tf_proxy_websitecv_getmetrics",
            "runtime": "python3.11",
            "s3_bucket": null,
            "s3_key": null,
            "s3_object_version": null,
            "signing_job_arn": "",
            "signing_profile_version_arn": "",
            "skip_destroy": false,
            "snap_start": [],
            "source_code_hash": "e18005yghRQEFNvxPNcy6ek8sNCWPJX/ONSqWFT+g4Y=",
            "source_code_size": 863,
            "tags": {},
            "tags_all": {
              "CreatedBy": "Corbin Grossen",
              "Project": "websitecv",
              "Stage": "dev"
            },
            "timeout": 5,
            "timeouts": null,
            "tracing_config": [
              {
                "mode": "PassThrough"
              }
            ],
            "version": "$LATEST",
            "vpc_config": [
              {
                "ipv6_allowed_for_dual_stack": false,
                "security_group_ids": [
                  "sg-0ee8ec3b6c5e645be"
                ],
                "subnet_ids": [
                  "subnet-03977ac80ca09ac0e",
                  "subnet-0bc07cb0c910fae1f"
                ],
                "vpc_id": "vpc-0590a450cecffbe19"
              }
            ]
          },
          "sensitive_attributes": [],
          "private": "eyJlMmJmYjczMC1lY2FhLTExZTYtOGY4OC0zNDM2M2JjN2M0YzAiOnsiY3JlYXRlIjo2MDAwMDAwMDAwMDAsImRlbGV0ZSI6NjAwMDAwMDAwMDAwLCJ1cGRhdGUiOjYwMDAwMDAwMDAwMH19",
          "dependencies": [
            "aws_security_group.private_sg",
            "aws_vpc_endpoint.private_api_endpoint",
            "data.aws_region.current",
            "module.iam_tf_proxy_websitecv_getmetrics.aws_iam_role.role",
            "module.private_api.aws_api_gateway_rest_api.api",
            "module.private_api.data.aws_caller_identity.current",
            "module.private_api.data.aws_region.current",
            "module.private_vpc.aws_subnet.private_subnet",
            "module.private_vpc.aws_vpc.private_vpc"
          ]
        }
      ]
    },
    {
      "mode": "managed",
      "type": "aws_lambda_function",
      "name": "lambda_tf_websitecv_getmetrics",
      "provider": "provider[\"registry.terraform.io/hashicorp/aws\"]",
      "instances": [
        {
          "schema_version": 0,
          "attributes": {
            "architectures": [
              "x86_64"
            ],
            "arn": "arn:aws:lambda:us-east-1:521440290637:function:dev_tf_websitecv_getmetrics",
            "code_signing_config_arn": "",
            "dead_letter_config": [],
            "description": "",
            "environment": [
              {
                "variables": {
                  "DYNAMODB_TABLE_NAME": "dev-websitecv-table"
                }
              }
            ],
            "ephemeral_storage": [
              {
                "size": 512
              }
            ],
            "file_system_config": [],
            "filename": "lambda/tf_websitecv_getmetrics.zip",
            "function_name": "dev_tf_websitecv_getmetrics",
            "handler": "lambda_function.lambda_handler",
            "id": "dev_tf_websitecv_getmetrics",
            "image_config": [],
            "image_uri": "",
            "invoke_arn": "arn:aws:apigateway:us-east-1:lambda:path/2015-03-31/functions/arn:aws:lambda:us-east-1:521440290637:function:dev_tf_websitecv_getmetrics/invocations",
            "kms_key_arn": "",
            "last_modified": "2023-12-11T23:59:20.716+0000",
            "layers": [],
            "memory_size": 128,
            "package_type": "Zip",
            "publish": false,
            "qualified_arn": "arn:aws:lambda:us-east-1:521440290637:function:dev_tf_websitecv_getmetrics:$LATEST",
            "qualified_invoke_arn": "arn:aws:apigateway:us-east-1:lambda:path/2015-03-31/functions/arn:aws:lambda:us-east-1:521440290637:function:dev_tf_websitecv_getmetrics:$LATEST/invocations",
            "replace_security_groups_on_destroy": null,
            "replacement_security_group_ids": null,
            "reserved_concurrent_executions": -1,
            "role": "arn:aws:iam::521440290637:role/dev_tf_websitecv_getmetrics",
            "runtime": "python3.11",
            "s3_bucket": null,
            "s3_key": null,
            "s3_object_version": null,
            "signing_job_arn": "",
            "signing_profile_version_arn": "",
            "skip_destroy": false,
            "snap_start": [],
            "source_code_hash": "/n2Sx9FPNrmcqA3y2mTxKIx7lVFIqsVDBZLCm5pJe1M=",
            "source_code_size": 1130,
            "tags": {},
            "tags_all": {
              "CreatedBy": "Corbin Grossen",
              "Project": "websitecv",
              "Stage": "dev"
            },
            "timeout": 5,
            "timeouts": null,
            "tracing_config": [
              {
                "mode": "PassThrough"
              }
            ],
            "version": "$LATEST",
            "vpc_config": []
          },
          "sensitive_attributes": [],
          "private": "eyJlMmJmYjczMC1lY2FhLTExZTYtOGY4OC0zNDM2M2JjN2M0YzAiOnsiY3JlYXRlIjo2MDAwMDAwMDAwMDAsImRlbGV0ZSI6NjAwMDAwMDAwMDAwLCJ1cGRhdGUiOjYwMDAwMDAwMDAwMH19",
          "dependencies": [
            "module.dynamodb_table.aws_dynamodb_table.table",
            "module.iam_tf_websitecv_getmetrics.aws_iam_role.role"
          ],
          "create_before_destroy": true
        }
      ]
    },
    {
      "mode": "managed",
      "type": "aws_lambda_function",
      "name": "lambda_tf_websitecv_putmetrics",
      "provider": "provider[\"registry.terraform.io/hashicorp/aws\"]",
      "instances": [
        {
          "schema_version": 0,
          "attributes": {
            "architectures": [
              "x86_64"
            ],
            "arn": "arn:aws:lambda:us-east-1:521440290637:function:dev_tf_websitecv_putmetrics",
            "code_signing_config_arn": "",
            "dead_letter_config": [],
            "description": "",
            "environment": [
              {
                "variables": {
                  "API_GATEWAY_PRIVATE_ID": "10va4d8ezi",
                  "API_GATEWAY_PRIVATE_NAME": "dev-websitecv-api-private",
                  "API_GATEWAY_PUBLIC_NAME": "dev-websitecv-api-public",
                  "CLOUDFRONT_ID": "E37FT4TNDRGHCO",
                  "DYNAMODB_TABLE_NAME": "dev-websitecv-table"
                }
              }
            ],
            "ephemeral_storage": [
              {
                "size": 512
              }
            ],
            "file_system_config": [],
            "filename": "lambda/tf_websitecv_putmetrics.zip",
            "function_name": "dev_tf_websitecv_putmetrics",
            "handler": "lambda_function.lambda_handler",
            "id": "dev_tf_websitecv_putmetrics",
            "image_config": [],
            "image_uri": "",
            "invoke_arn": "arn:aws:apigateway:us-east-1:lambda:path/2015-03-31/functions/arn:aws:lambda:us-east-1:521440290637:function:dev_tf_websitecv_putmetrics/invocations",
            "kms_key_arn": "",
            "last_modified": "2023-12-12T00:03:27.650+0000",
            "layers": [],
            "memory_size": 128,
            "package_type": "Zip",
            "publish": false,
            "qualified_arn": "arn:aws:lambda:us-east-1:521440290637:function:dev_tf_websitecv_putmetrics:$LATEST",
            "qualified_invoke_arn": "arn:aws:apigateway:us-east-1:lambda:path/2015-03-31/functions/arn:aws:lambda:us-east-1:521440290637:function:dev_tf_websitecv_putmetrics:$LATEST/invocations",
            "replace_security_groups_on_destroy": null,
            "replacement_security_group_ids": null,
            "reserved_concurrent_executions": -1,
            "role": "arn:aws:iam::521440290637:role/dev_tf_websitecv_putmetrics",
            "runtime": "python3.11",
            "s3_bucket": null,
            "s3_key": null,
            "s3_object_version": null,
            "signing_job_arn": "",
            "signing_profile_version_arn": "",
            "skip_destroy": false,
            "snap_start": [],
            "source_code_hash": "Sy/D3CL8g9nGAjrZzmlWeWx6H3n/b4T5qWox3jULMVM=",
            "source_code_size": 1809,
            "tags": {},
            "tags_all": {
              "CreatedBy": "Corbin Grossen",
              "Project": "websitecv",
              "Stage": "dev"
            },
            "timeout": 10,
            "timeouts": null,
            "tracing_config": [
              {
                "mode": "PassThrough"
              }
            ],
            "version": "$LATEST",
            "vpc_config": []
          },
          "sensitive_attributes": [],
          "private": "eyJlMmJmYjczMC1lY2FhLTExZTYtOGY4OC0zNDM2M2JjN2M0YzAiOnsiY3JlYXRlIjo2MDAwMDAwMDAwMDAsImRlbGV0ZSI6NjAwMDAwMDAwMDAwLCJ1cGRhdGUiOjYwMDAwMDAwMDAwMH19",
          "dependencies": [
            "aws_security_group.private_sg",
            "aws_vpc_endpoint.private_api_endpoint",
            "data.aws_caller_identity.current",
            "module.cloudfront_distribution.aws_cloudfront_distribution.s3_distribution",
            "module.cloudfront_distribution.aws_cloudfront_origin_access_control.oac",
            "module.dynamodb_table.aws_dynamodb_table.table",
            "module.iam_tf_websitecv_putmetrics.aws_iam_role.role",
            "module.private_api.aws_api_gateway_rest_api.api",
            "module.private_api.data.aws_caller_identity.current",
            "module.private_api.data.aws_region.current",
            "module.private_vpc.aws_subnet.private_subnet",
            "module.private_vpc.aws_vpc.private_vpc",
            "module.public_api.aws_apigatewayv2_api.http_api",
            "module.s3_bucket.aws_s3_bucket.bucket"
          ]
        }
      ]
    },
    {
      "mode": "managed",
      "type": "aws_s3_object",
      "name": "js_vars_s3",
      "provider": "provider[\"registry.terraform.io/hashicorp/aws\"]",
      "instances": [
        {
          "schema_version": 0,
          "attributes": {
            "acl": null,
            "bucket": "dev-websitecv-webfiles-bucket-521440290637",
            "bucket_key_enabled": false,
            "cache_control": "",
            "checksum_algorithm": null,
            "checksum_crc32": "",
            "checksum_crc32c": "",
            "checksum_sha1": "",
            "checksum_sha256": "",
            "content": "// These variables are dynamically created by Terraform\n\nvar websitecv_vars = {\n  metrics_api_url : \"https://rsrmqo3bh3.execute-api.us-east-1.amazonaws.com/prod/metrics\"\n}\n",
            "content_base64": null,
            "content_disposition": "",
            "content_encoding": "",
            "content_language": "",
            "content_type": "application/octet-stream",
            "etag": "cae9772cc242f1c5854bd719b5626f08",
            "force_destroy": false,
            "id": "js/vars.js",
            "key": "js/vars.js",
            "kms_key_id": null,
            "metadata": {},
            "object_lock_legal_hold_status": "",
            "object_lock_mode": "",
            "object_lock_retain_until_date": "",
            "override_provider": [],
            "server_side_encryption": "AES256",
            "source": null,
            "source_hash": null,
            "storage_class": "STANDARD",
            "tags": {},
            "tags_all": {
              "CreatedBy": "Corbin Grossen",
              "Project": "websitecv",
              "Stage": "dev"
            },
            "version_id": "",
            "website_redirect": ""
          },
          "sensitive_attributes": [],
          "private": "bnVsbA==",
          "dependencies": [
            "data.aws_caller_identity.current",
            "data.template_file.js_vars",
            "module.cloudfront_distribution.aws_cloudfront_distribution.s3_distribution",
            "module.cloudfront_distribution.aws_cloudfront_origin_access_control.oac",
            "module.public_api.aws_apigatewayv2_api.http_api",
            "module.s3_bucket.aws_s3_bucket.bucket",
            "module.s3_bucket.aws_s3_bucket_public_access_block.public_access_block"
          ]
        }
      ]
    },
    {
      "mode": "managed",
      "type": "aws_security_group",
      "name": "private_sg",
      "provider": "provider[\"registry.terraform.io/hashicorp/aws\"]",
      "instances": [
        {
          "schema_version": 1,
          "attributes": {
            "arn": "arn:aws:ec2:us-east-1:521440290637:security-group/sg-0ee8ec3b6c5e645be",
            "description": "Managed by Terraform",
            "egress": [
              {
                "cidr_blocks": [
                  "0.0.0.0/0"
                ],
                "description": "",
                "from_port": 0,
                "ipv6_cidr_blocks": [],
                "prefix_list_ids": [],
                "protocol": "-1",
                "security_groups": [],
                "self": false,
                "to_port": 0
              }
            ],
            "id": "sg-0ee8ec3b6c5e645be",
            "ingress": [
              {
                "cidr_blocks": [
                  "0.0.0.0/0"
                ],
                "description": "",
                "from_port": 0,
                "ipv6_cidr_blocks": [],
                "prefix_list_ids": [],
                "protocol": "-1",
                "security_groups": [],
                "self": false,
                "to_port": 0
              }
            ],
            "name": "terraform-20231211235843004800000002",
            "name_prefix": "terraform-",
            "owner_id": "521440290637",
            "revoke_rules_on_delete": false,
            "tags": {},
            "tags_all": {
              "CreatedBy": "Corbin Grossen",
              "Project": "websitecv",
              "Stage": "dev"
            },
            "timeouts": null,
            "vpc_id": "vpc-0590a450cecffbe19"
          },
          "sensitive_attributes": [],
          "private": "eyJlMmJmYjczMC1lY2FhLTExZTYtOGY4OC0zNDM2M2JjN2M0YzAiOnsiY3JlYXRlIjo2MDAwMDAwMDAwMDAsImRlbGV0ZSI6OTAwMDAwMDAwMDAwfSwic2NoZW1hX3ZlcnNpb24iOiIxIn0=",
          "dependencies": [
            "module.private_vpc.aws_vpc.private_vpc"
          ],
          "create_before_destroy": true
        }
      ]
    },
    {
      "mode": "managed",
      "type": "aws_vpc_endpoint",
      "name": "private_api_endpoint",
      "provider": "provider[\"registry.terraform.io/hashicorp/aws\"]",
      "instances": [
        {
          "schema_version": 0,
          "attributes": {
            "arn": "arn:aws:ec2:us-east-1:521440290637:vpc-endpoint/vpce-059ccc2e0b8ec9a54",
            "auto_accept": null,
            "cidr_blocks": [],
            "dns_entry": [
              {
                "dns_name": "vpce-059ccc2e0b8ec9a54-yuaegbq2.execute-api.us-east-1.vpce.amazonaws.com",
                "hosted_zone_id": "Z7HUB22UULQXV"
              },
              {
                "dns_name": "vpce-059ccc2e0b8ec9a54-yuaegbq2-us-east-1b.execute-api.us-east-1.vpce.amazonaws.com",
                "hosted_zone_id": "Z7HUB22UULQXV"
              },
              {
                "dns_name": "vpce-059ccc2e0b8ec9a54-yuaegbq2-us-east-1a.execute-api.us-east-1.vpce.amazonaws.com",
                "hosted_zone_id": "Z7HUB22UULQXV"
              },
              {
                "dns_name": "execute-api.us-east-1.amazonaws.com",
                "hosted_zone_id": "Z07488741DFB9KD46OW82"
              },
              {
                "dns_name": "*.execute-api.us-east-1.amazonaws.com",
                "hosted_zone_id": "Z07488741DFB9KD46OW82"
              }
            ],
            "dns_options": [
              {
                "dns_record_ip_type": "ipv4",
                "private_dns_only_for_inbound_resolver_endpoint": false
              }
            ],
            "id": "vpce-059ccc2e0b8ec9a54",
            "ip_address_type": "ipv4",
            "network_interface_ids": [
              "eni-09af7035cb4d0c731",
              "eni-0e773549e996eae53"
            ],
            "owner_id": "521440290637",
            "policy": "{\"Statement\":[{\"Action\":\"*\",\"Effect\":\"Allow\",\"Principal\":\"*\",\"Resource\":\"*\"}]}",
            "prefix_list_id": null,
            "private_dns_enabled": true,
            "requester_managed": false,
            "route_table_ids": [],
            "security_group_ids": [
              "sg-0ee8ec3b6c5e645be"
            ],
            "service_name": "com.amazonaws.us-east-1.execute-api",
            "state": "available",
            "subnet_ids": [
              "subnet-03977ac80ca09ac0e",
              "subnet-0bc07cb0c910fae1f"
            ],
            "tags": {},
            "tags_all": {
              "CreatedBy": "Corbin Grossen",
              "Project": "websitecv",
              "Stage": "dev"
            },
            "timeouts": null,
            "vpc_endpoint_type": "Interface",
            "vpc_id": "vpc-0590a450cecffbe19"
          },
          "sensitive_attributes": [],
          "private": "eyJlMmJmYjczMC1lY2FhLTExZTYtOGY4OC0zNDM2M2JjN2M0YzAiOnsiY3JlYXRlIjo2MDAwMDAwMDAwMDAsImRlbGV0ZSI6NjAwMDAwMDAwMDAwLCJ1cGRhdGUiOjYwMDAwMDAwMDAwMH19",
          "dependencies": [
            "aws_security_group.private_sg",
            "module.private_vpc.aws_subnet.private_subnet",
            "module.private_vpc.aws_vpc.private_vpc"
          ],
          "create_before_destroy": true
        }
      ]
    },
    {
      "mode": "managed",
      "type": "null_resource",
      "name": "get_aws_user_name",
      "provider": "provider[\"registry.terraform.io/hashicorp/null\"]",
      "instances": [
        {
          "schema_version": 0,
          "attributes": {
            "id": "4478251164372310825",
            "triggers": null
          },
          "sensitive_attributes": []
        }
      ]
    },
    {
      "mode": "managed",
      "type": "null_resource",
      "name": "upload_html",
      "provider": "provider[\"registry.terraform.io/hashicorp/null\"]",
      "instances": [
        {
          "schema_version": 0,
          "attributes": {
            "id": "8023864283372305055",
            "triggers": null
          },
          "sensitive_attributes": [],
          "dependencies": [
            "data.aws_caller_identity.current",
            "module.s3_bucket.aws_s3_bucket.bucket",
            "module.s3_bucket.aws_s3_bucket_public_access_block.public_access_block"
          ]
        }
      ]
    },
    {
      "module": "module.cloudfront_distribution",
      "mode": "managed",
      "type": "aws_cloudfront_distribution",
      "name": "s3_distribution",
      "provider": "provider[\"registry.terraform.io/hashicorp/aws\"]",
      "instances": [
        {
          "schema_version": 1,
          "attributes": {
            "aliases": [],
            "arn": "arn:aws:cloudfront::521440290637:distribution/E37FT4TNDRGHCO",
            "caller_reference": "terraform-20231211235848538800000004",
            "comment": null,
            "continuous_deployment_policy_id": "",
            "custom_error_response": [],
            "default_cache_behavior": [
              {
                "allowed_methods": [
                  "GET",
                  "HEAD"
                ],
                "cache_policy_id": "",
                "cached_methods": [
                  "GET",
                  "HEAD"
                ],
                "compress": false,
                "default_ttl": 3600,
                "field_level_encryption_id": "",
                "forwarded_values": [
                  {
                    "cookies": [
                      {
                        "forward": "none",
                        "whitelisted_names": []
                      }
                    ],
                    "headers": [],
                    "query_string": false,
                    "query_string_cache_keys": []
                  }
                ],
                "function_association": [],
                "lambda_function_association": [],
                "max_ttl": 86400,
                "min_ttl": 0,
                "origin_request_policy_id": "",
                "realtime_log_config_arn": "",
                "response_headers_policy_id": "",
                "smooth_streaming": false,
                "target_origin_id": "S3-dev-websitecv-webfiles-bucket-521440290637",
                "trusted_key_groups": [],
                "trusted_signers": [],
                "viewer_protocol_policy": "redirect-to-https"
              }
            ],
            "default_root_object": "index.html",
            "domain_name": "d3k40py5iebg64.cloudfront.net",
            "enabled": true,
            "etag": "E23Q6Q8JPBTW2M",
            "hosted_zone_id": "Z2FDTNDATAQYW2",
            "http_version": "http2",
            "id": "E37FT4TNDRGHCO",
            "in_progress_validation_batches": 0,
            "is_ipv6_enabled": false,
            "last_modified_time": "2023-12-11 23:58:48.73 +0000 UTC",
            "logging_config": [],
            "ordered_cache_behavior": [],
            "origin": [
              {
                "connection_attempts": 3,
                "connection_timeout": 10,
                "custom_header": [],
                "custom_origin_config": [],
                "domain_name": "dev-websitecv-webfiles-bucket-521440290637.s3.amazonaws.com",
                "origin_access_control_id": "EQCHY7L8DUMW3",
                "origin_id": "S3-dev-websitecv-webfiles-bucket-521440290637",
                "origin_path": "",
                "origin_shield": [],
                "s3_origin_config": []
              }
            ],
            "origin_group": [],
            "price_class": "PriceClass_100",
            "restrictions": [
              {
                "geo_restriction": [
                  {
                    "locations": [],
                    "restriction_type": "none"
                  }
                ]
              }
            ],
            "retain_on_delete": false,
            "staging": false,
            "status": "Deployed",
            "tags": {},
            "tags_all": {
              "CreatedBy": "Corbin Grossen",
              "Project": "websitecv",
              "Stage": "dev"
            },
            "trusted_key_groups": [
              {
                "enabled": false,
                "items": []
              }
            ],
            "trusted_signers": [
              {
                "enabled": false,
                "items": []
              }
            ],
            "viewer_certificate": [
              {
                "acm_certificate_arn": "",
                "cloudfront_default_certificate": true,
                "iam_certificate_id": "",
                "minimum_protocol_version": "TLSv1",
                "ssl_support_method": ""
              }
            ],
            "wait_for_deployment": true,
            "web_acl_id": ""
          },
          "sensitive_attributes": [],
          "private": "eyJzY2hlbWFfdmVyc2lvbiI6IjEifQ==",
          "dependencies": [
            "data.aws_caller_identity.current",
            "module.cloudfront_distribution.aws_cloudfront_origin_access_control.oac",
            "module.s3_bucket.aws_s3_bucket.bucket"
          ]
        }
      ]
    },
    {
      "module": "module.cloudfront_distribution",
      "mode": "managed",
      "type": "aws_cloudfront_origin_access_control",
      "name": "oac",
      "provider": "provider[\"registry.terraform.io/hashicorp/aws\"]",
      "instances": [
        {
          "schema_version": 0,
          "attributes": {
            "description": "",
            "etag": "ETVPDKIKX0DER",
            "id": "EQCHY7L8DUMW3",
            "name": "oac-dev-websitecv-webfiles-bucket-521440290637",
            "origin_access_control_origin_type": "s3",
            "signing_behavior": "always",
            "signing_protocol": "sigv4"
          },
          "sensitive_attributes": [],
          "private": "bnVsbA==",
          "dependencies": [
            "data.aws_caller_identity.current",
            "module.s3_bucket.aws_s3_bucket.bucket"
          ]
        }
      ]
    },
    {
      "module": "module.codepipeline_codecommit_to_s3",
      "mode": "managed",
      "type": "aws_codepipeline",
      "name": "codepipeline",
      "provider": "provider[\"registry.terraform.io/hashicorp/aws\"]",
      "instances": [
        {
          "schema_version": 0,
          "attributes": {
            "arn": "arn:aws:codepipeline:us-east-1:521440290637:dev-websitecv-codecommit-to-s3-pipeline",
            "artifact_store": [
              {
                "encryption_key": [],
                "location": "dev-codepipeline-artifacts-521440290637",
                "region": "",
                "type": "S3"
              }
            ],
            "id": "dev-websitecv-codecommit-to-s3-pipeline",
            "name": "dev-websitecv-codecommit-to-s3-pipeline",
            "role_arn": "arn:aws:iam::521440290637:role/dev_AWSCodePipelineServiceRole",
            "stage": [
              {
                "action": [
                  {
                    "category": "Source",
                    "configuration": {
                      "BranchName": "master",
                      "RepositoryName": "dev-websitecv-html-repo"
                    },
                    "input_artifacts": [],
                    "name": "Source",
                    "namespace": "",
                    "output_artifacts": [
                      "SourceArtifact"
                    ],
                    "owner": "AWS",
                    "provider": "CodeCommit",
                    "region": "",
                    "role_arn": "",
                    "run_order": 1,
                    "version": "1"
                  }
                ],
                "name": "source"
              },
              {
                "action": [
                  {
                    "category": "Deploy",
                    "configuration": {
                      "BucketName": "dev-websitecv-webfiles-bucket-521440290637",
                      "Extract": "true"
                    },
                    "input_artifacts": [
                      "SourceArtifact"
                    ],
                    "name": "Deploy",
                    "namespace": "",
                    "output_artifacts": [],
                    "owner": "AWS",
                    "provider": "S3",
                    "region": "",
                    "role_arn": "",
                    "run_order": 1,
                    "version": "1"
                  }
                ],
                "name": "deploy"
              }
            ],
            "tags": {},
            "tags_all": {
              "CreatedBy": "Corbin Grossen",
              "Project": "websitecv",
              "Stage": "dev"
            }
          },
          "sensitive_attributes": [],
          "private": "bnVsbA==",
          "dependencies": [
            "aws_codecommit_repository.websitecv_html_repo",
            "data.aws_caller_identity.current",
            "module.iam_codepipeline.aws_iam_role.role",
            "module.s3_bucket.aws_s3_bucket.bucket",
            "module.s3_bucket_artifacts.aws_s3_bucket.bucket"
          ]
        }
      ]
    },
    {
      "module": "module.dynamodb_table",
      "mode": "managed",
      "type": "aws_dynamodb_table",
      "name": "table",
      "provider": "provider[\"registry.terraform.io/hashicorp/aws\"]",
      "instances": [
        {
          "schema_version": 1,
          "attributes": {
            "arn": "arn:aws:dynamodb:us-east-1:521440290637:table/dev-websitecv-table",
            "attribute": [
              {
                "name": "ID",
                "type": "S"
              }
            ],
            "billing_mode": "PAY_PER_REQUEST",
            "deletion_protection_enabled": false,
            "global_secondary_index": [],
            "hash_key": "ID",
            "id": "dev-websitecv-table",
            "import_table": [],
            "local_secondary_index": [],
            "name": "dev-websitecv-table",
            "point_in_time_recovery": [
              {
                "enabled": false
              }
            ],
            "range_key": null,
            "read_capacity": 0,
            "replica": [],
            "restore_date_time": null,
            "restore_source_name": null,
            "restore_to_latest_time": null,
            "server_side_encryption": [],
            "stream_arn": "",
            "stream_enabled": false,
            "stream_label": "",
            "stream_view_type": "",
            "table_class": "STANDARD",
            "tags": {},
            "tags_all": {
              "CreatedBy": "Corbin Grossen",
              "Project": "websitecv",
              "Stage": "dev"
            },
            "timeouts": null,
            "ttl": [
              {
                "attribute_name": "",
                "enabled": false
              }
            ],
            "write_capacity": 0
          },
          "sensitive_attributes": [],
          "private": "eyJlMmJmYjczMC1lY2FhLTExZTYtOGY4OC0zNDM2M2JjN2M0YzAiOnsiY3JlYXRlIjoxODAwMDAwMDAwMDAwLCJkZWxldGUiOjYwMDAwMDAwMDAwMCwidXBkYXRlIjozNjAwMDAwMDAwMDAwfSwic2NoZW1hX3ZlcnNpb24iOiIxIn0=",
          "create_before_destroy": true
        }
      ]
    },
    {
      "module": "module.eventbridge_rule_push_metrics_dynamodb",
      "mode": "managed",
      "type": "aws_cloudwatch_event_rule",
      "name": "rule",
      "provider": "provider[\"registry.terraform.io/hashicorp/aws\"]",
      "instances": [
        {
          "schema_version": 0,
          "attributes": {
            "arn": "arn:aws:events:us-east-1:521440290637:rule/dev-push-metrics-dynamodb",
            "description": "Invokes tf_websitecv_putmetrics every hour",
            "event_bus_name": "default",
            "event_pattern": null,
            "id": "dev-push-metrics-dynamodb",
            "is_enabled": true,
            "name": "dev-push-metrics-dynamodb",
            "name_prefix": "",
            "role_arn": "",
            "schedule_expression": "rate(1 hour)",
            "tags": {},
            "tags_all": {
              "CreatedBy": "Corbin Grossen",
              "Project": "websitecv",
              "Stage": "dev"
            }
          },
          "sensitive_attributes": [],
          "private": "bnVsbA=="
        }
      ]
    },
    {
      "module": "module.eventbridge_rule_push_metrics_dynamodb",
      "mode": "managed",
      "type": "aws_cloudwatch_event_target",
      "name": "target",
      "provider": "provider[\"registry.terraform.io/hashicorp/aws\"]",
      "instances": [
        {
          "schema_version": 1,
          "attributes": {
            "arn": "arn:aws:lambda:us-east-1:521440290637:function:dev_tf_websitecv_putmetrics",
            "batch_target": [],
            "dead_letter_config": [],
            "ecs_target": [],
            "event_bus_name": "default",
            "http_target": [],
            "id": "dev-push-metrics-dynamodb-terraform-20231212000327609700000007",
            "input": "",
            "input_path": "",
            "input_transformer": [],
            "kinesis_target": [],
            "redshift_target": [],
            "retry_policy": [],
            "role_arn": "",
            "rule": "dev-push-metrics-dynamodb",
            "run_command_targets": [],
            "sagemaker_pipeline_target": [],
            "sqs_target": [],
            "target_id": "terraform-20231212000327609700000007"
          },
          "sensitive_attributes": [],
          "private": "eyJzY2hlbWFfdmVyc2lvbiI6IjEifQ==",
          "dependencies": [
            "aws_lambda_function.lambda_tf_websitecv_putmetrics",
            "aws_security_group.private_sg",
            "aws_vpc_endpoint.private_api_endpoint",
            "data.aws_caller_identity.current",
            "module.cloudfront_distribution.aws_cloudfront_distribution.s3_distribution",
            "module.cloudfront_distribution.aws_cloudfront_origin_access_control.oac",
            "module.dynamodb_table.aws_dynamodb_table.table",
            "module.eventbridge_rule_push_metrics_dynamodb.aws_cloudwatch_event_rule.rule",
            "module.iam_tf_websitecv_putmetrics.aws_iam_role.role",
            "module.private_api.aws_api_gateway_rest_api.api",
            "module.private_api.data.aws_caller_identity.current",
            "module.private_api.data.aws_region.current",
            "module.private_vpc.aws_subnet.private_subnet",
            "module.private_vpc.aws_vpc.private_vpc",
            "module.public_api.aws_apigatewayv2_api.http_api",
            "module.s3_bucket.aws_s3_bucket.bucket"
          ]
        }
      ]
    },
    {
      "module": "module.eventbridge_rule_push_metrics_dynamodb",
      "mode": "managed",
      "type": "aws_lambda_permission",
      "name": "allow_cloudwatch",
      "provider": "provider[\"registry.terraform.io/hashicorp/aws\"]",
      "instances": [
        {
          "schema_version": 0,
          "attributes": {
            "action": "lambda:InvokeFunction",
            "event_source_token": null,
            "function_name": "arn:aws:lambda:us-east-1:521440290637:function:dev_tf_websitecv_putmetrics",
            "function_url_auth_type": null,
            "id": "AllowExecutionFromCloudWatch",
            "principal": "events.amazonaws.com",
            "principal_org_id": null,
            "qualifier": "",
            "source_account": null,
            "source_arn": "arn:aws:events:us-east-1:521440290637:rule/dev-push-metrics-dynamodb",
            "statement_id": "AllowExecutionFromCloudWatch",
            "statement_id_prefix": ""
          },
          "sensitive_attributes": [],
          "private": "bnVsbA==",
          "dependencies": [
            "aws_lambda_function.lambda_tf_websitecv_putmetrics",
            "aws_security_group.private_sg",
            "aws_vpc_endpoint.private_api_endpoint",
            "data.aws_caller_identity.current",
            "module.cloudfront_distribution.aws_cloudfront_distribution.s3_distribution",
            "module.cloudfront_distribution.aws_cloudfront_origin_access_control.oac",
            "module.dynamodb_table.aws_dynamodb_table.table",
            "module.eventbridge_rule_push_metrics_dynamodb.aws_cloudwatch_event_rule.rule",
            "module.iam_tf_websitecv_putmetrics.aws_iam_role.role",
            "module.private_api.aws_api_gateway_rest_api.api",
            "module.private_api.data.aws_caller_identity.current",
            "module.private_api.data.aws_region.current",
            "module.private_vpc.aws_subnet.private_subnet",
            "module.private_vpc.aws_vpc.private_vpc",
            "module.public_api.aws_apigatewayv2_api.http_api",
            "module.s3_bucket.aws_s3_bucket.bucket"
          ]
        }
      ]
    },
    {
      "module": "module.iam_codepipeline",
      "mode": "managed",
      "type": "aws_iam_policy",
      "name": "policy",
      "provider": "provider[\"registry.terraform.io/hashicorp/aws\"]",
      "instances": [
        {
          "index_key": "AWSCodePipelineServicePolicy",
          "schema_version": 0,
          "attributes": {
            "arn": "arn:aws:iam::521440290637:policy/dev_AWSCodePipelineServicePolicy",
            "description": "",
            "id": "arn:aws:iam::521440290637:policy/dev_AWSCodePipelineServicePolicy",
            "name": "dev_AWSCodePipelineServicePolicy",
            "name_prefix": "",
            "path": "/",
            "policy": "{\"Statement\":[{\"Action\":[\"iam:PassRole\"],\"Condition\":{\"StringEqualsIfExists\":{\"iam:PassedToService\":[\"cloudformation.amazonaws.com\",\"elasticbeanstalk.amazonaws.com\",\"ec2.amazonaws.com\",\"ecs-tasks.amazonaws.com\"]}},\"Effect\":\"Allow\",\"Resource\":\"*\"},{\"Action\":[\"codecommit:CancelUploadArchive\",\"codecommit:GetBranch\",\"codecommit:GetCommit\",\"codecommit:GetRepository\",\"codecommit:GetUploadArchiveStatus\",\"codecommit:UploadArchive\"],\"Effect\":\"Allow\",\"Resource\":\"*\"},{\"Action\":[\"codedeploy:CreateDeployment\",\"codedeploy:GetApplication\",\"codedeploy:GetApplicationRevision\",\"codedeploy:GetDeployment\",\"codedeploy:GetDeploymentConfig\",\"codedeploy:RegisterApplicationRevision\"],\"Effect\":\"Allow\",\"Resource\":\"*\"},{\"Action\":[\"codestar-connections:UseConnection\"],\"Effect\":\"Allow\",\"Resource\":\"*\"},{\"Action\":[\"elasticbeanstalk:*\",\"ec2:*\",\"elasticloadbalancing:*\",\"autoscaling:*\",\"cloudwatch:*\",\"s3:*\",\"sns:*\",\"cloudformation:*\",\"rds:*\",\"sqs:*\",\"ecs:*\"],\"Effect\":\"Allow\",\"Resource\":\"*\"},{\"Action\":[\"lambda:InvokeFunction\",\"lambda:ListFunctions\"],\"Effect\":\"Allow\",\"Resource\":\"*\"},{\"Action\":[\"opsworks:CreateDeployment\",\"opsworks:DescribeApps\",\"opsworks:DescribeCommands\",\"opsworks:DescribeDeployments\",\"opsworks:DescribeInstances\",\"opsworks:DescribeStacks\",\"opsworks:UpdateApp\",\"opsworks:UpdateStack\"],\"Effect\":\"Allow\",\"Resource\":\"*\"},{\"Action\":[\"cloudformation:CreateStack\",\"cloudformation:DeleteStack\",\"cloudformation:DescribeStacks\",\"cloudformation:UpdateStack\",\"cloudformation:CreateChangeSet\",\"cloudformation:DeleteChangeSet\",\"cloudformation:DescribeChangeSet\",\"cloudformation:ExecuteChangeSet\",\"cloudformation:SetStackPolicy\",\"cloudformation:ValidateTemplate\"],\"Effect\":\"Allow\",\"Resource\":\"*\"},{\"Action\":[\"codebuild:BatchGetBuilds\",\"codebuild:StartBuild\",\"codebuild:BatchGetBuildBatches\",\"codebuild:StartBuildBatch\"],\"Effect\":\"Allow\",\"Resource\":\"*\"},{\"Action\":[\"devicefarm:ListProjects\",\"devicefarm:ListDevicePools\",\"devicefarm:GetRun\",\"devicefarm:GetUpload\",\"devicefarm:CreateUpload\",\"devicefarm:ScheduleRun\"],\"Effect\":\"Allow\",\"Resource\":\"*\"},{\"Action\":[\"servicecatalog:ListProvisioningArtifacts\",\"servicecatalog:CreateProvisioningArtifact\",\"servicecatalog:DescribeProvisioningArtifact\",\"servicecatalog:DeleteProvisioningArtifact\",\"servicecatalog:UpdateProduct\"],\"Effect\":\"Allow\",\"Resource\":\"*\"},{\"Action\":[\"cloudformation:ValidateTemplate\"],\"Effect\":\"Allow\",\"Resource\":\"*\"},{\"Action\":[\"ecr:DescribeImages\"],\"Effect\":\"Allow\",\"Resource\":\"*\"},{\"Action\":[\"states:DescribeExecution\",\"states:DescribeStateMachine\",\"states:StartExecution\"],\"Effect\":\"Allow\",\"Resource\":\"*\"},{\"Action\":[\"appconfig:StartDeployment\",\"appconfig:StopDeployment\",\"appconfig:GetDeployment\"],\"Effect\":\"Allow\",\"Resource\":\"*\"}],\"Version\":\"2012-10-17\"}",
            "policy_id": "ANPAXS2CDM5G5JJ77KZMK",
            "tags": {},
            "tags_all": {
              "CreatedBy": "Corbin Grossen",
              "Project": "websitecv",
              "Stage": "dev"
            }
          },
          "sensitive_attributes": [],
          "private": "bnVsbA=="
        }
      ]
    },
    {
      "module": "module.iam_codepipeline",
      "mode": "managed",
      "type": "aws_iam_role",
      "name": "role",
      "provider": "provider[\"registry.terraform.io/hashicorp/aws\"]",
      "instances": [
        {
          "schema_version": 0,
          "attributes": {
            "arn": "arn:aws:iam::521440290637:role/dev_AWSCodePipelineServiceRole",
            "assume_role_policy": "{\"Statement\":[{\"Action\":\"sts:AssumeRole\",\"Effect\":\"Allow\",\"Principal\":{\"Service\":\"codepipeline.amazonaws.com\"}}],\"Version\":\"2012-10-17\"}",
            "create_date": "2023-12-12T01:10:56Z",
            "description": "",
            "force_detach_policies": false,
            "id": "dev_AWSCodePipelineServiceRole",
            "inline_policy": [],
            "managed_policy_arns": [
              "arn:aws:iam::521440290637:policy/dev_AWSCodePipelineServicePolicy"
            ],
            "max_session_duration": 3600,
            "name": "dev_AWSCodePipelineServiceRole",
            "name_prefix": "",
            "path": "/",
            "permissions_boundary": "",
            "tags": {},
            "tags_all": {
              "CreatedBy": "Corbin Grossen",
              "Project": "websitecv",
              "Stage": "dev"
            },
            "unique_id": "AROAXS2CDM5GXLHBJABQH"
          },
          "sensitive_attributes": [],
          "private": "bnVsbA=="
        }
      ]
    },
    {
      "module": "module.iam_codepipeline",
      "mode": "managed",
      "type": "aws_iam_role_policy_attachment",
      "name": "policy_attach",
      "provider": "provider[\"registry.terraform.io/hashicorp/aws\"]",
      "instances": [
        {
          "index_key": "AWSCodePipelineServicePolicy",
          "schema_version": 0,
          "attributes": {
            "id": "dev_AWSCodePipelineServiceRole-20231212011056477000000001",
            "policy_arn": "arn:aws:iam::521440290637:policy/dev_AWSCodePipelineServicePolicy",
            "role": "dev_AWSCodePipelineServiceRole"
          },
          "sensitive_attributes": [],
          "private": "bnVsbA==",
          "dependencies": [
            "module.iam_codepipeline.aws_iam_policy.policy",
            "module.iam_codepipeline.aws_iam_role.role"
          ]
        }
      ]
    },
    {
      "module": "module.iam_tf_proxy_websitecv_getmetrics",
      "mode": "managed",
      "type": "aws_iam_policy",
      "name": "policy",
      "provider": "provider[\"registry.terraform.io/hashicorp/aws\"]",
      "instances": [
        {
          "index_key": "tf_websitecv_getmetrics",
          "schema_version": 0,
          "attributes": {
            "arn": "arn:aws:iam::521440290637:policy/dev_tf_proxy_websitecv_getmetrics",
            "description": "",
            "id": "arn:aws:iam::521440290637:policy/dev_tf_proxy_websitecv_getmetrics",
            "name": "dev_tf_proxy_websitecv_getmetrics",
            "name_prefix": "",
            "path": "/",
            "policy": "{\"Statement\":[{\"Action\":[\"logs:CreateLogGroup\",\"logs:CreateLogStream\",\"logs:PutLogEvents\",\"ec2:CreateNetworkInterface\",\"ec2:DescribeNetworkInterfaces\",\"ec2:DeleteNetworkInterface\",\"ec2:AssignPrivateIpAddresses\",\"ec2:UnassignPrivateIpAddresses\"],\"Effect\":\"Allow\",\"Resource\":\"*\"},{\"Action\":\"execute-api:Invoke\",\"Effect\":\"Allow\",\"Resource\":\"arn:aws:execute-api:us-east-1:521440290637:10va4d8ezi/*\"}],\"Version\":\"2012-10-17\"}",
            "policy_id": "ANPAXS2CDM5GV3DQGGRHR",
            "tags": {},
            "tags_all": {
              "CreatedBy": "Corbin Grossen",
              "Project": "websitecv",
              "Stage": "dev"
            }
          },
          "sensitive_attributes": [],
          "private": "bnVsbA==",
          "dependencies": [
            "aws_security_group.private_sg",
            "aws_vpc_endpoint.private_api_endpoint",
            "module.private_api.aws_api_gateway_rest_api.api",
            "module.private_api.data.aws_caller_identity.current",
            "module.private_api.data.aws_region.current",
            "module.private_vpc.aws_subnet.private_subnet",
            "module.private_vpc.aws_vpc.private_vpc"
          ]
        }
      ]
    },
    {
      "module": "module.iam_tf_proxy_websitecv_getmetrics",
      "mode": "managed",
      "type": "aws_iam_role",
      "name": "role",
      "provider": "provider[\"registry.terraform.io/hashicorp/aws\"]",
      "instances": [
        {
          "schema_version": 0,
          "attributes": {
            "arn": "arn:aws:iam::521440290637:role/dev_tf_proxy_websitecv_getmetrics",
            "assume_role_policy": "{\"Statement\":[{\"Action\":\"sts:AssumeRole\",\"Effect\":\"Allow\",\"Principal\":{\"Service\":\"lambda.amazonaws.com\"}}],\"Version\":\"2012-10-17\"}",
            "create_date": "2023-12-11T23:58:30Z",
            "description": "",
            "force_detach_policies": false,
            "id": "dev_tf_proxy_websitecv_getmetrics",
            "inline_policy": [],
            "managed_policy_arns": [
              "arn:aws:iam::521440290637:policy/dev_tf_proxy_websitecv_getmetrics"
            ],
            "max_session_duration": 3600,
            "name": "dev_tf_proxy_websitecv_getmetrics",
            "name_prefix": "",
            "path": "/",
            "permissions_boundary": "",
            "tags": {},
            "tags_all": {
              "CreatedBy": "Corbin Grossen",
              "Project": "websitecv",
              "Stage": "dev"
            },
            "unique_id": "AROAXS2CDM5GXEFDK5SWC"
          },
          "sensitive_attributes": [],
          "private": "bnVsbA=="
        }
      ]
    },
    {
      "module": "module.iam_tf_proxy_websitecv_getmetrics",
      "mode": "managed",
      "type": "aws_iam_role_policy_attachment",
      "name": "policy_attach",
      "provider": "provider[\"registry.terraform.io/hashicorp/aws\"]",
      "instances": [
        {
          "index_key": "tf_websitecv_getmetrics",
          "schema_version": 0,
          "attributes": {
            "id": "dev_tf_proxy_websitecv_getmetrics-20231211235920776700000005",
            "policy_arn": "arn:aws:iam::521440290637:policy/dev_tf_proxy_websitecv_getmetrics",
            "role": "dev_tf_proxy_websitecv_getmetrics"
          },
          "sensitive_attributes": [],
          "private": "bnVsbA==",
          "dependencies": [
            "aws_security_group.private_sg",
            "aws_vpc_endpoint.private_api_endpoint",
            "module.iam_tf_proxy_websitecv_getmetrics.aws_iam_policy.policy",
            "module.iam_tf_proxy_websitecv_getmetrics.aws_iam_role.role",
            "module.private_api.aws_api_gateway_rest_api.api",
            "module.private_api.data.aws_caller_identity.current",
            "module.private_api.data.aws_region.current",
            "module.private_vpc.aws_subnet.private_subnet",
            "module.private_vpc.aws_vpc.private_vpc"
          ]
        }
      ]
    },
    {
      "module": "module.iam_tf_websitecv_getmetrics",
      "mode": "managed",
      "type": "aws_iam_policy",
      "name": "policy",
      "provider": "provider[\"registry.terraform.io/hashicorp/aws\"]",
      "instances": [
        {
          "index_key": "tf_websitecv_getmetrics",
          "schema_version": 0,
          "attributes": {
            "arn": "arn:aws:iam::521440290637:policy/dev_tf_websitecv_getmetrics",
            "description": "",
            "id": "arn:aws:iam::521440290637:policy/dev_tf_websitecv_getmetrics",
            "name": "dev_tf_websitecv_getmetrics",
            "name_prefix": "",
            "path": "/",
            "policy": "{\"Statement\":[{\"Action\":[\"dynamodb:BatchGetItem\",\"dynamodb:DescribeTable\",\"dynamodb:GetItem\"],\"Effect\":\"Allow\",\"Resource\":\"arn:aws:dynamodb:us-east-1:521440290637:table/dev-websitecv-table\"}],\"Version\":\"2012-10-17\"}",
            "policy_id": "ANPAXS2CDM5G5JKD5PWMF",
            "tags": {},
            "tags_all": {
              "CreatedBy": "Corbin Grossen",
              "Project": "websitecv",
              "Stage": "dev"
            }
          },
          "sensitive_attributes": [],
          "private": "bnVsbA==",
          "dependencies": [
            "module.dynamodb_table.aws_dynamodb_table.table"
          ]
        }
      ]
    },
    {
      "module": "module.iam_tf_websitecv_getmetrics",
      "mode": "managed",
      "type": "aws_iam_role",
      "name": "role",
      "provider": "provider[\"registry.terraform.io/hashicorp/aws\"]",
      "instances": [
        {
          "schema_version": 0,
          "attributes": {
            "arn": "arn:aws:iam::521440290637:role/dev_tf_websitecv_getmetrics",
            "assume_role_policy": "{\"Statement\":[{\"Action\":\"sts:AssumeRole\",\"Effect\":\"Allow\",\"Principal\":{\"Service\":\"lambda.amazonaws.com\"}}],\"Version\":\"2012-10-17\"}",
            "create_date": "2023-12-11T23:58:30Z",
            "description": "",
            "force_detach_policies": false,
            "id": "dev_tf_websitecv_getmetrics",
            "inline_policy": [],
            "managed_policy_arns": [
              "arn:aws:iam::521440290637:policy/dev_tf_websitecv_getmetrics"
            ],
            "max_session_duration": 3600,
            "name": "dev_tf_websitecv_getmetrics",
            "name_prefix": "",
            "path": "/",
            "permissions_boundary": "",
            "tags": {},
            "tags_all": {
              "CreatedBy": "Corbin Grossen",
              "Project": "websitecv",
              "Stage": "dev"
            },
            "unique_id": "AROAXS2CDM5GQCNAL5NDX"
          },
          "sensitive_attributes": [],
          "private": "bnVsbA==",
          "create_before_destroy": true
        }
      ]
    },
    {
      "module": "module.iam_tf_websitecv_getmetrics",
      "mode": "managed",
      "type": "aws_iam_role_policy_attachment",
      "name": "policy_attach",
      "provider": "provider[\"registry.terraform.io/hashicorp/aws\"]",
      "instances": [
        {
          "index_key": "tf_websitecv_getmetrics",
          "schema_version": 0,
          "attributes": {
            "id": "dev_tf_websitecv_getmetrics-20231211235837724000000001",
            "policy_arn": "arn:aws:iam::521440290637:policy/dev_tf_websitecv_getmetrics",
            "role": "dev_tf_websitecv_getmetrics"
          },
          "sensitive_attributes": [],
          "private": "bnVsbA==",
          "dependencies": [
            "module.dynamodb_table.aws_dynamodb_table.table",
            "module.iam_tf_websitecv_getmetrics.aws_iam_policy.policy",
            "module.iam_tf_websitecv_getmetrics.aws_iam_role.role"
          ]
        }
      ]
    },
    {
      "module": "module.iam_tf_websitecv_putmetrics",
      "mode": "managed",
      "type": "aws_iam_policy",
      "name": "policy",
      "provider": "provider[\"registry.terraform.io/hashicorp/aws\"]",
      "instances": [
        {
          "index_key": "tf_websitecv_putmetrics",
          "schema_version": 0,
          "attributes": {
            "arn": "arn:aws:iam::521440290637:policy/dev_tf_websitecv_putmetrics",
            "description": "",
            "id": "arn:aws:iam::521440290637:policy/dev_tf_websitecv_putmetrics",
            "name": "dev_tf_websitecv_putmetrics",
            "name_prefix": "",
            "path": "/",
            "policy": "{\"Statement\":[{\"Action\":[\"cloudwatch:GetMetricData\",\"cloudwatch:GetMetricStatistics\",\"cloudwatch:ListMetrics\"],\"Effect\":\"Allow\",\"Resource\":\"*\"},{\"Action\":[\"dynamodb:PutItem\",\"dynamodb:DescribeTable\",\"dynamodb:GetItem\",\"dynamodb:UpdateItem\"],\"Effect\":\"Allow\",\"Resource\":\"arn:aws:dynamodb:us-east-1:521440290637:table/dev-websitecv-table\"},{\"Action\":\"apigateway:DELETE\",\"Effect\":\"Allow\",\"Resource\":\"arn:aws:apigateway:us-east-1::/restapis/10va4d8ezi/stages/prod/cache/data\"}],\"Version\":\"2012-10-17\"}",
            "policy_id": "ANPAXS2CDM5GSCKJRPDTR",
            "tags": {},
            "tags_all": {
              "CreatedBy": "Corbin Grossen",
              "Project": "websitecv",
              "Stage": "dev"
            }
          },
          "sensitive_attributes": [],
          "private": "bnVsbA==",
          "dependencies": [
            "aws_security_group.private_sg",
            "aws_vpc_endpoint.private_api_endpoint",
            "module.dynamodb_table.aws_dynamodb_table.table",
            "module.private_api.aws_api_gateway_rest_api.api",
            "module.private_api.data.aws_caller_identity.current",
            "module.private_api.data.aws_region.current",
            "module.private_vpc.aws_subnet.private_subnet",
            "module.private_vpc.aws_vpc.private_vpc"
          ]
        }
      ]
    },
    {
      "module": "module.iam_tf_websitecv_putmetrics",
      "mode": "managed",
      "type": "aws_iam_role",
      "name": "role",
      "provider": "provider[\"registry.terraform.io/hashicorp/aws\"]",
      "instances": [
        {
          "schema_version": 0,
          "attributes": {
            "arn": "arn:aws:iam::521440290637:role/dev_tf_websitecv_putmetrics",
            "assume_role_policy": "{\"Statement\":[{\"Action\":\"sts:AssumeRole\",\"Effect\":\"Allow\",\"Principal\":{\"Service\":\"lambda.amazonaws.com\"}}],\"Version\":\"2012-10-17\"}",
            "create_date": "2023-12-11T23:58:30Z",
            "description": "",
            "force_detach_policies": false,
            "id": "dev_tf_websitecv_putmetrics",
            "inline_policy": [],
            "managed_policy_arns": [
              "arn:aws:iam::521440290637:policy/dev_tf_websitecv_putmetrics"
            ],
            "max_session_duration": 3600,
            "name": "dev_tf_websitecv_putmetrics",
            "name_prefix": "",
            "path": "/",
            "permissions_boundary": "",
            "tags": {},
            "tags_all": {
              "CreatedBy": "Corbin Grossen",
              "Project": "websitecv",
              "Stage": "dev"
            },
            "unique_id": "AROAXS2CDM5GVFM7SGHC2"
          },
          "sensitive_attributes": [],
          "private": "bnVsbA=="
        }
      ]
    },
    {
      "module": "module.iam_tf_websitecv_putmetrics",
      "mode": "managed",
      "type": "aws_iam_role_policy_attachment",
      "name": "policy_attach",
      "provider": "provider[\"registry.terraform.io/hashicorp/aws\"]",
      "instances": [
        {
          "index_key": "tf_websitecv_putmetrics",
          "schema_version": 0,
          "attributes": {
            "id": "dev_tf_websitecv_putmetrics-20231211235920996800000006",
            "policy_arn": "arn:aws:iam::521440290637:policy/dev_tf_websitecv_putmetrics",
            "role": "dev_tf_websitecv_putmetrics"
          },
          "sensitive_attributes": [],
          "private": "bnVsbA==",
          "dependencies": [
            "aws_security_group.private_sg",
            "aws_vpc_endpoint.private_api_endpoint",
            "module.dynamodb_table.aws_dynamodb_table.table",
            "module.iam_tf_websitecv_putmetrics.aws_iam_policy.policy",
            "module.iam_tf_websitecv_putmetrics.aws_iam_role.role",
            "module.private_api.aws_api_gateway_rest_api.api",
            "module.private_api.data.aws_caller_identity.current",
            "module.private_api.data.aws_region.current",
            "module.private_vpc.aws_subnet.private_subnet",
            "module.private_vpc.aws_vpc.private_vpc"
          ]
        }
      ]
    },
    {
      "module": "module.private_api",
      "mode": "data",
      "type": "aws_caller_identity",
      "name": "current",
      "provider": "provider[\"registry.terraform.io/hashicorp/aws\"]",
      "instances": [
        {
          "schema_version": 0,
          "attributes": {
            "account_id": "521440290637",
            "arn": "arn:aws:iam::521440290637:user/terraform",
            "id": "521440290637",
            "user_id": "AIDAXS2CDM5GS2M3EA7LJ"
          },
          "sensitive_attributes": []
        }
      ]
    },
    {
      "module": "module.private_api",
      "mode": "data",
      "type": "aws_region",
      "name": "current",
      "provider": "provider[\"registry.terraform.io/hashicorp/aws\"]",
      "instances": [
        {
          "schema_version": 0,
          "attributes": {
            "description": "US East (N. Virginia)",
            "endpoint": "ec2.us-east-1.amazonaws.com",
            "id": "us-east-1",
            "name": "us-east-1"
          },
          "sensitive_attributes": []
        }
      ]
    },
    {
      "module": "module.private_api",
      "mode": "managed",
      "type": "aws_api_gateway_deployment",
      "name": "api_deployment",
      "provider": "provider[\"registry.terraform.io/hashicorp/aws\"]",
      "instances": [
        {
          "schema_version": 0,
          "attributes": {
            "created_date": "2023-12-11T23:59:21Z",
            "description": "",
            "execution_arn": "arn:aws:execute-api:us-east-1:521440290637:10va4d8ezi/",
            "id": "56wpna",
            "invoke_url": "https://10va4d8ezi.execute-api.us-east-1.amazonaws.com/",
            "rest_api_id": "10va4d8ezi",
            "stage_description": null,
            "stage_name": null,
            "triggers": null,
            "variables": null
          },
          "sensitive_attributes": [],
          "private": "bnVsbA==",
          "dependencies": [
            "aws_lambda_function.lambda_tf_websitecv_getmetrics",
            "aws_security_group.private_sg",
            "aws_vpc_endpoint.private_api_endpoint",
            "module.dynamodb_table.aws_dynamodb_table.table",
            "module.iam_tf_websitecv_getmetrics.aws_iam_role.role",
            "module.private_api.aws_api_gateway_integration.api_integration",
            "module.private_api.aws_api_gateway_method.api_method",
            "module.private_api.aws_api_gateway_resource.api_resource",
            "module.private_api.aws_api_gateway_rest_api.api",
            "module.private_api.data.aws_caller_identity.current",
            "module.private_api.data.aws_region.current",
            "module.private_vpc.aws_subnet.private_subnet",
            "module.private_vpc.aws_vpc.private_vpc"
          ],
          "create_before_destroy": true
        }
      ]
    },
    {
      "module": "module.private_api",
      "mode": "managed",
      "type": "aws_api_gateway_deployment",
      "name": "api_deployment_final",
      "provider": "provider[\"registry.terraform.io/hashicorp/aws\"]",
      "instances": [
        {
          "schema_version": 0,
          "attributes": {
            "created_date": "2023-12-12T00:06:08Z",
            "description": "",
            "execution_arn": "arn:aws:execute-api:us-east-1:521440290637:10va4d8ezi/prod",
            "id": "82z76o",
            "invoke_url": "https://10va4d8ezi.execute-api.us-east-1.amazonaws.com/prod",
            "rest_api_id": "10va4d8ezi",
            "stage_description": null,
            "stage_name": "prod",
            "triggers": null,
            "variables": null
          },
          "sensitive_attributes": [],
          "private": "bnVsbA==",
          "dependencies": [
            "aws_lambda_function.lambda_tf_websitecv_getmetrics",
            "aws_security_group.private_sg",
            "aws_vpc_endpoint.private_api_endpoint",
            "module.dynamodb_table.aws_dynamodb_table.table",
            "module.iam_tf_websitecv_getmetrics.aws_iam_role.role",
            "module.private_api.aws_api_gateway_deployment.api_deployment",
            "module.private_api.aws_api_gateway_integration.api_integration",
            "module.private_api.aws_api_gateway_method.api_method",
            "module.private_api.aws_api_gateway_resource.api_resource",
            "module.private_api.aws_api_gateway_rest_api.api",
            "module.private_api.aws_api_gateway_stage.api_stage",
            "module.private_api.data.aws_caller_identity.current",
            "module.private_api.data.aws_region.current",
            "module.private_vpc.aws_subnet.private_subnet",
            "module.private_vpc.aws_vpc.private_vpc"
          ],
          "create_before_destroy": true
        }
      ]
    },
    {
      "module": "module.private_api",
      "mode": "managed",
      "type": "aws_api_gateway_integration",
      "name": "api_integration",
      "provider": "provider[\"registry.terraform.io/hashicorp/aws\"]",
      "instances": [
        {
          "index_key": "0",
          "schema_version": 0,
          "attributes": {
            "cache_key_parameters": [],
            "cache_namespace": "vlazww",
            "connection_id": "",
            "connection_type": "INTERNET",
            "content_handling": "CONVERT_TO_TEXT",
            "credentials": "",
            "http_method": "GET",
            "id": "agi-10va4d8ezi-vlazww-GET",
            "integration_http_method": "POST",
            "passthrough_behavior": "WHEN_NO_MATCH",
            "request_parameters": {},
            "request_templates": {},
            "resource_id": "vlazww",
            "rest_api_id": "10va4d8ezi",
            "timeout_milliseconds": 29000,
            "tls_config": [],
            "type": "AWS",
            "uri": "arn:aws:apigateway:us-east-1:lambda:path/2015-03-31/functions/arn:aws:lambda:us-east-1:521440290637:function:dev_tf_websitecv_getmetrics/invocations"
          },
          "sensitive_attributes": [],
          "private": "bnVsbA==",
          "dependencies": [
            "aws_lambda_function.lambda_tf_websitecv_getmetrics",
            "aws_security_group.private_sg",
            "aws_vpc_endpoint.private_api_endpoint",
            "module.dynamodb_table.aws_dynamodb_table.table",
            "module.iam_tf_websitecv_getmetrics.aws_iam_role.role",
            "module.private_api.aws_api_gateway_method.api_method",
            "module.private_api.aws_api_gateway_resource.api_resource",
            "module.private_api.aws_api_gateway_rest_api.api",
            "module.private_api.data.aws_caller_identity.current",
            "module.private_api.data.aws_region.current",
            "module.private_vpc.aws_subnet.private_subnet",
            "module.private_vpc.aws_vpc.private_vpc"
          ],
          "create_before_destroy": true
        }
      ]
    },
    {
      "module": "module.private_api",
      "mode": "managed",
      "type": "aws_api_gateway_integration_response",
      "name": "api_integration_response",
      "provider": "provider[\"registry.terraform.io/hashicorp/aws\"]",
      "instances": [
        {
          "index_key": "0",
          "schema_version": 0,
          "attributes": {
            "content_handling": "",
            "http_method": "GET",
            "id": "agir-10va4d8ezi-vlazww-GET-200",
            "resource_id": "vlazww",
            "response_parameters": {},
            "response_templates": {
              "application/json": ""
            },
            "rest_api_id": "10va4d8ezi",
            "selection_pattern": "",
            "status_code": "200"
          },
          "sensitive_attributes": [],
          "private": "bnVsbA==",
          "dependencies": [
            "aws_lambda_function.lambda_tf_websitecv_getmetrics",
            "aws_security_group.private_sg",
            "aws_vpc_endpoint.private_api_endpoint",
            "module.dynamodb_table.aws_dynamodb_table.table",
            "module.iam_tf_websitecv_getmetrics.aws_iam_role.role",
            "module.private_api.aws_api_gateway_integration.api_integration",
            "module.private_api.aws_api_gateway_method.api_method",
            "module.private_api.aws_api_gateway_method_response.api_method_response",
            "module.private_api.aws_api_gateway_resource.api_resource",
            "module.private_api.aws_api_gateway_rest_api.api",
            "module.private_api.data.aws_caller_identity.current",
            "module.private_api.data.aws_region.current",
            "module.private_vpc.aws_subnet.private_subnet",
            "module.private_vpc.aws_vpc.private_vpc"
          ]
        }
      ]
    },
    {
      "module": "module.private_api",
      "mode": "managed",
      "type": "aws_api_gateway_method",
      "name": "api_method",
      "provider": "provider[\"registry.terraform.io/hashicorp/aws\"]",
      "instances": [
        {
          "index_key": "0",
          "schema_version": 0,
          "attributes": {
            "api_key_required": false,
            "authorization": "NONE",
            "authorization_scopes": [],
            "authorizer_id": "",
            "http_method": "GET",
            "id": "agm-10va4d8ezi-vlazww-GET",
            "operation_name": "",
            "request_models": {},
            "request_parameters": {},
            "request_validator_id": "",
            "resource_id": "vlazww",
            "rest_api_id": "10va4d8ezi"
          },
          "sensitive_attributes": [],
          "private": "bnVsbA==",
          "dependencies": [
            "aws_lambda_function.lambda_tf_websitecv_getmetrics",
            "aws_security_group.private_sg",
            "aws_vpc_endpoint.private_api_endpoint",
            "module.dynamodb_table.aws_dynamodb_table.table",
            "module.iam_tf_websitecv_getmetrics.aws_iam_role.role",
            "module.private_api.aws_api_gateway_resource.api_resource",
            "module.private_api.aws_api_gateway_rest_api.api",
            "module.private_api.data.aws_caller_identity.current",
            "module.private_api.data.aws_region.current",
            "module.private_vpc.aws_subnet.private_subnet",
            "module.private_vpc.aws_vpc.private_vpc"
          ],
          "create_before_destroy": true
        }
      ]
    },
    {
      "module": "module.private_api",
      "mode": "managed",
      "type": "aws_api_gateway_method_response",
      "name": "api_method_response",
      "provider": "provider[\"registry.terraform.io/hashicorp/aws\"]",
      "instances": [
        {
          "index_key": "0",
          "schema_version": 0,
          "attributes": {
            "http_method": "GET",
            "id": "agmr-10va4d8ezi-vlazww-GET-200",
            "resource_id": "vlazww",
            "response_models": {
              "application/json": "Empty"
            },
            "response_parameters": {},
            "rest_api_id": "10va4d8ezi",
            "status_code": "200"
          },
          "sensitive_attributes": [],
          "private": "bnVsbA==",
          "dependencies": [
            "aws_lambda_function.lambda_tf_websitecv_getmetrics",
            "aws_security_group.private_sg",
            "aws_vpc_endpoint.private_api_endpoint",
            "module.dynamodb_table.aws_dynamodb_table.table",
            "module.iam_tf_websitecv_getmetrics.aws_iam_role.role",
            "module.private_api.aws_api_gateway_integration.api_integration",
            "module.private_api.aws_api_gateway_method.api_method",
            "module.private_api.aws_api_gateway_resource.api_resource",
            "module.private_api.aws_api_gateway_rest_api.api",
            "module.private_api.data.aws_caller_identity.current",
            "module.private_api.data.aws_region.current",
            "module.private_vpc.aws_subnet.private_subnet",
            "module.private_vpc.aws_vpc.private_vpc"
          ]
        }
      ]
    },
    {
      "module": "module.private_api",
      "mode": "managed",
      "type": "aws_api_gateway_method_settings",
      "name": "settings",
      "provider": "provider[\"registry.terraform.io/hashicorp/aws\"]",
      "instances": [
        {
          "schema_version": 0,
          "attributes": {
            "id": "10va4d8ezi-prod-*/*",
            "method_path": "*/*",
            "rest_api_id": "10va4d8ezi",
            "settings": [
              {
                "cache_data_encrypted": false,
                "cache_ttl_in_seconds": 3600,
                "caching_enabled": true,
                "data_trace_enabled": false,
                "logging_level": "",
                "metrics_enabled": false,
                "require_authorization_for_cache_control": true,
                "throttling_burst_limit": -1,
                "throttling_rate_limit": -1,
                "unauthorized_cache_control_header_strategy": "SUCCEED_WITH_RESPONSE_HEADER"
              }
            ],
            "stage_name": "prod"
          },
          "sensitive_attributes": [],
          "private": "bnVsbA==",
          "dependencies": [
            "aws_lambda_function.lambda_tf_websitecv_getmetrics",
            "aws_security_group.private_sg",
            "aws_vpc_endpoint.private_api_endpoint",
            "module.dynamodb_table.aws_dynamodb_table.table",
            "module.iam_tf_websitecv_getmetrics.aws_iam_role.role",
            "module.private_api.aws_api_gateway_deployment.api_deployment",
            "module.private_api.aws_api_gateway_integration.api_integration",
            "module.private_api.aws_api_gateway_method.api_method",
            "module.private_api.aws_api_gateway_resource.api_resource",
            "module.private_api.aws_api_gateway_rest_api.api",
            "module.private_api.aws_api_gateway_stage.api_stage",
            "module.private_api.data.aws_caller_identity.current",
            "module.private_api.data.aws_region.current",
            "module.private_vpc.aws_subnet.private_subnet",
            "module.private_vpc.aws_vpc.private_vpc"
          ]
        }
      ]
    },
    {
      "module": "module.private_api",
      "mode": "managed",
      "type": "aws_api_gateway_resource",
      "name": "api_resource",
      "provider": "provider[\"registry.terraform.io/hashicorp/aws\"]",
      "instances": [
        {
          "index_key": "0",
          "schema_version": 0,
          "attributes": {
            "id": "vlazww",
            "parent_id": "5adaog35f8",
            "path": "/metrics",
            "path_part": "metrics",
            "rest_api_id": "10va4d8ezi"
          },
          "sensitive_attributes": [],
          "private": "bnVsbA==",
          "dependencies": [
            "aws_lambda_function.lambda_tf_websitecv_getmetrics",
            "aws_security_group.private_sg",
            "aws_vpc_endpoint.private_api_endpoint",
            "module.dynamodb_table.aws_dynamodb_table.table",
            "module.iam_tf_websitecv_getmetrics.aws_iam_role.role",
            "module.private_api.aws_api_gateway_rest_api.api",
            "module.private_api.data.aws_caller_identity.current",
            "module.private_api.data.aws_region.current",
            "module.private_vpc.aws_subnet.private_subnet",
            "module.private_vpc.aws_vpc.private_vpc"
          ],
          "create_before_destroy": true
        }
      ]
    },
    {
      "module": "module.private_api",
      "mode": "managed",
      "type": "aws_api_gateway_rest_api",
      "name": "api",
      "provider": "provider[\"registry.terraform.io/hashicorp/aws\"]",
      "instances": [
        {
          "schema_version": 0,
          "attributes": {
            "api_key_source": "HEADER",
            "arn": "arn:aws:apigateway:us-east-1::/restapis/10va4d8ezi",
            "binary_media_types": [],
            "body": null,
            "created_date": "2023-12-11T23:59:19Z",
            "description": "Private REST API",
            "disable_execute_api_endpoint": false,
            "endpoint_configuration": [
              {
                "types": [
                  "PRIVATE"
                ],
                "vpc_endpoint_ids": [
                  "vpce-059ccc2e0b8ec9a54"
                ]
              }
            ],
            "execution_arn": "arn:aws:execute-api:us-east-1:521440290637:10va4d8ezi",
            "fail_on_warnings": null,
            "id": "10va4d8ezi",
            "minimum_compression_size": "",
            "name": "dev-websitecv-api-private",
            "parameters": null,
            "policy": "{\"Statement\":[{\"Action\":\"execute-api:Invoke\",\"Condition\":{\"StringEquals\":{\"aws:sourceVpc\":\"vpc-0590a450cecffbe19\"}},\"Effect\":\"Allow\",\"Principal\":\"*\",\"Resource\":\"arn:aws:execute-api:us-east-1:521440290637:*/*/*/*\"}],\"Version\":\"2012-10-17\"}",
            "put_rest_api_mode": null,
            "root_resource_id": "5adaog35f8",
            "tags": {},
            "tags_all": {
              "CreatedBy": "Corbin Grossen",
              "Project": "websitecv",
              "Stage": "dev"
            }
          },
          "sensitive_attributes": [],
          "private": "bnVsbA==",
          "dependencies": [
            "aws_security_group.private_sg",
            "aws_vpc_endpoint.private_api_endpoint",
            "module.private_api.data.aws_caller_identity.current",
            "module.private_api.data.aws_region.current",
            "module.private_vpc.aws_subnet.private_subnet",
            "module.private_vpc.aws_vpc.private_vpc"
          ],
          "create_before_destroy": true
        }
      ]
    },
    {
      "module": "module.private_api",
      "mode": "managed",
      "type": "aws_api_gateway_stage",
      "name": "api_stage",
      "provider": "provider[\"registry.terraform.io/hashicorp/aws\"]",
      "instances": [
        {
          "schema_version": 0,
          "attributes": {
            "access_log_settings": [],
            "arn": "arn:aws:apigateway:us-east-1::/restapis/10va4d8ezi/stages/prod",
            "cache_cluster_enabled": true,
            "cache_cluster_size": "0.5",
            "canary_settings": [],
            "client_certificate_id": "",
            "deployment_id": "56wpna",
            "description": "",
            "documentation_version": "",
            "execution_arn": "arn:aws:execute-api:us-east-1:521440290637:10va4d8ezi/prod",
            "id": "ags-10va4d8ezi-prod",
            "invoke_url": "https://10va4d8ezi.execute-api.us-east-1.amazonaws.com/prod",
            "rest_api_id": "10va4d8ezi",
            "stage_name": "prod",
            "tags": {},
            "tags_all": {
              "CreatedBy": "Corbin Grossen",
              "Project": "websitecv",
              "Stage": "dev"
            },
            "variables": {},
            "web_acl_arn": "",
            "xray_tracing_enabled": false
          },
          "sensitive_attributes": [],
          "private": "bnVsbA==",
          "dependencies": [
            "aws_lambda_function.lambda_tf_websitecv_getmetrics",
            "aws_security_group.private_sg",
            "aws_vpc_endpoint.private_api_endpoint",
            "module.dynamodb_table.aws_dynamodb_table.table",
            "module.iam_tf_websitecv_getmetrics.aws_iam_role.role",
            "module.private_api.aws_api_gateway_deployment.api_deployment",
            "module.private_api.aws_api_gateway_integration.api_integration",
            "module.private_api.aws_api_gateway_method.api_method",
            "module.private_api.aws_api_gateway_resource.api_resource",
            "module.private_api.aws_api_gateway_rest_api.api",
            "module.private_api.data.aws_caller_identity.current",
            "module.private_api.data.aws_region.current",
            "module.private_vpc.aws_subnet.private_subnet",
            "module.private_vpc.aws_vpc.private_vpc"
          ],
          "create_before_destroy": true
        }
      ]
    },
    {
      "module": "module.private_api",
      "mode": "managed",
      "type": "aws_lambda_permission",
      "name": "api_gateway_lambda_permission",
      "provider": "provider[\"registry.terraform.io/hashicorp/aws\"]",
      "instances": [
        {
          "index_key": "0",
          "schema_version": 0,
          "attributes": {
            "action": "lambda:InvokeFunction",
            "event_source_token": null,
            "function_name": "arn:aws:lambda:us-east-1:521440290637:function:dev_tf_websitecv_getmetrics",
            "function_url_auth_type": null,
            "id": "AllowExecutionFromAPIGateway",
            "principal": "apigateway.amazonaws.com",
            "principal_org_id": null,
            "qualifier": "",
            "source_account": null,
            "source_arn": "arn:aws:execute-api:us-east-1:521440290637:10va4d8ezi/*/GET/metrics",
            "statement_id": "AllowExecutionFromAPIGateway",
            "statement_id_prefix": ""
          },
          "sensitive_attributes": [],
          "private": "bnVsbA==",
          "dependencies": [
            "aws_lambda_function.lambda_tf_websitecv_getmetrics",
            "aws_security_group.private_sg",
            "aws_vpc_endpoint.private_api_endpoint",
            "module.dynamodb_table.aws_dynamodb_table.table",
            "module.iam_tf_websitecv_getmetrics.aws_iam_role.role",
            "module.private_api.aws_api_gateway_rest_api.api",
            "module.private_api.data.aws_caller_identity.current",
            "module.private_api.data.aws_region.current",
            "module.private_vpc.aws_subnet.private_subnet",
            "module.private_vpc.aws_vpc.private_vpc"
          ]
        }
      ]
    },
    {
      "module": "module.private_vpc",
      "mode": "managed",
      "type": "aws_network_acl",
      "name": "private_vpc_nacl",
      "provider": "provider[\"registry.terraform.io/hashicorp/aws\"]",
      "instances": [
        {
          "schema_version": 0,
          "attributes": {
            "arn": "arn:aws:ec2:us-east-1:521440290637:network-acl/acl-0a189afafabbfa4d1",
            "egress": [
              {
                "action": "allow",
                "cidr_block": "10.0.0.0/16",
                "from_port": 0,
                "icmp_code": 0,
                "icmp_type": 0,
                "ipv6_cidr_block": "",
                "protocol": "-1",
                "rule_no": 100,
                "to_port": 0
              }
            ],
            "id": "acl-0a189afafabbfa4d1",
            "ingress": [
              {
                "action": "allow",
                "cidr_block": "10.0.0.0/16",
                "from_port": 0,
                "icmp_code": 0,
                "icmp_type": 0,
                "ipv6_cidr_block": "",
                "protocol": "-1",
                "rule_no": 100,
                "to_port": 0
              }
            ],
            "owner_id": "521440290637",
            "subnet_ids": [
              "subnet-03977ac80ca09ac0e",
              "subnet-0bc07cb0c910fae1f"
            ],
            "tags": {
              "Name": "dev-tf-websitecv-private-NACL"
            },
            "tags_all": {
              "CreatedBy": "Corbin Grossen",
              "Name": "dev-tf-websitecv-private-NACL",
              "Project": "websitecv",
              "Stage": "dev"
            },
            "vpc_id": "vpc-0590a450cecffbe19"
          },
          "sensitive_attributes": [],
          "private": "bnVsbA==",
          "dependencies": [
            "module.private_vpc.aws_vpc.private_vpc"
          ]
        }
      ]
    },
    {
      "module": "module.private_vpc",
      "mode": "managed",
      "type": "aws_network_acl_association",
      "name": "nacl_association",
      "provider": "provider[\"registry.terraform.io/hashicorp/aws\"]",
      "instances": [
        {
          "index_key": 0,
          "schema_version": 0,
          "attributes": {
            "id": "aclassoc-03ed883a612829f15",
            "network_acl_id": "acl-0a189afafabbfa4d1",
            "subnet_id": "subnet-03977ac80ca09ac0e"
          },
          "sensitive_attributes": [],
          "private": "bnVsbA==",
          "dependencies": [
            "module.private_vpc.aws_network_acl.private_vpc_nacl",
            "module.private_vpc.aws_subnet.private_subnet",
            "module.private_vpc.aws_vpc.private_vpc"
          ]
        },
        {
          "index_key": 1,
          "schema_version": 0,
          "attributes": {
            "id": "aclassoc-09a13d0fe363849f9",
            "network_acl_id": "acl-0a189afafabbfa4d1",
            "subnet_id": "subnet-0bc07cb0c910fae1f"
          },
          "sensitive_attributes": [],
          "private": "bnVsbA==",
          "dependencies": [
            "module.private_vpc.aws_network_acl.private_vpc_nacl",
            "module.private_vpc.aws_subnet.private_subnet",
            "module.private_vpc.aws_vpc.private_vpc"
          ]
        }
      ]
    },
    {
      "module": "module.private_vpc",
      "mode": "managed",
      "type": "aws_network_acl_rule",
      "name": "allow_inbound_outbound_within_vpc",
      "provider": "provider[\"registry.terraform.io/hashicorp/aws\"]",
      "instances": [
        {
          "schema_version": 0,
          "attributes": {
            "cidr_block": "10.0.0.0/16",
            "egress": false,
            "from_port": 0,
            "icmp_code": null,
            "icmp_type": null,
            "id": "nacl-736474438",
            "ipv6_cidr_block": "",
            "network_acl_id": "acl-0a189afafabbfa4d1",
            "protocol": "-1",
            "rule_action": "allow",
            "rule_number": 100,
            "to_port": 0
          },
          "sensitive_attributes": [],
          "private": "bnVsbA==",
          "dependencies": [
            "module.private_vpc.aws_network_acl.private_vpc_nacl",
            "module.private_vpc.aws_vpc.private_vpc"
          ]
        }
      ]
    },
    {
      "module": "module.private_vpc",
      "mode": "managed",
      "type": "aws_network_acl_rule",
      "name": "allow_outbound_within_vpc",
      "provider": "provider[\"registry.terraform.io/hashicorp/aws\"]",
      "instances": [
        {
          "schema_version": 0,
          "attributes": {
            "cidr_block": "10.0.0.0/16",
            "egress": true,
            "from_port": 0,
            "icmp_code": null,
            "icmp_type": null,
            "id": "nacl-1367495685",
            "ipv6_cidr_block": "",
            "network_acl_id": "acl-0a189afafabbfa4d1",
            "protocol": "-1",
            "rule_action": "allow",
            "rule_number": 100,
            "to_port": 0
          },
          "sensitive_attributes": [],
          "private": "bnVsbA==",
          "dependencies": [
            "module.private_vpc.aws_network_acl.private_vpc_nacl",
            "module.private_vpc.aws_vpc.private_vpc"
          ]
        }
      ]
    },
    {
      "module": "module.private_vpc",
      "mode": "managed",
      "type": "aws_route_table",
      "name": "private_route_table",
      "provider": "provider[\"registry.terraform.io/hashicorp/aws\"]",
      "instances": [
        {
          "schema_version": 0,
          "attributes": {
            "arn": "arn:aws:ec2:us-east-1:521440290637:route-table/rtb-0cd2632b985d29cf3",
            "id": "rtb-0cd2632b985d29cf3",
            "owner_id": "521440290637",
            "propagating_vgws": [],
            "route": [],
            "tags": {},
            "tags_all": {
              "CreatedBy": "Corbin Grossen",
              "Project": "websitecv",
              "Stage": "dev"
            },
            "timeouts": null,
            "vpc_id": "vpc-0590a450cecffbe19"
          },
          "sensitive_attributes": [],
          "private": "eyJlMmJmYjczMC1lY2FhLTExZTYtOGY4OC0zNDM2M2JjN2M0YzAiOnsiY3JlYXRlIjozMDAwMDAwMDAwMDAsImRlbGV0ZSI6MzAwMDAwMDAwMDAwLCJ1cGRhdGUiOjEyMDAwMDAwMDAwMH19",
          "dependencies": [
            "module.private_vpc.aws_vpc.private_vpc"
          ]
        }
      ]
    },
    {
      "module": "module.private_vpc",
      "mode": "managed",
      "type": "aws_route_table_association",
      "name": "subnet_association",
      "provider": "provider[\"registry.terraform.io/hashicorp/aws\"]",
      "instances": [
        {
          "index_key": 0,
          "schema_version": 0,
          "attributes": {
            "gateway_id": "",
            "id": "rtbassoc-0b44a623550e2f753",
            "route_table_id": "rtb-0cd2632b985d29cf3",
            "subnet_id": "subnet-03977ac80ca09ac0e",
            "timeouts": null
          },
          "sensitive_attributes": [],
          "private": "eyJlMmJmYjczMC1lY2FhLTExZTYtOGY4OC0zNDM2M2JjN2M0YzAiOnsiY3JlYXRlIjozMDAwMDAwMDAwMDAsImRlbGV0ZSI6MzAwMDAwMDAwMDAwLCJ1cGRhdGUiOjEyMDAwMDAwMDAwMH19",
          "dependencies": [
            "module.private_vpc.aws_route_table.private_route_table",
            "module.private_vpc.aws_subnet.private_subnet",
            "module.private_vpc.aws_vpc.private_vpc"
          ]
        },
        {
          "index_key": 1,
          "schema_version": 0,
          "attributes": {
            "gateway_id": "",
            "id": "rtbassoc-029abdadf5883499a",
            "route_table_id": "rtb-0cd2632b985d29cf3",
            "subnet_id": "subnet-0bc07cb0c910fae1f",
            "timeouts": null
          },
          "sensitive_attributes": [],
          "private": "eyJlMmJmYjczMC1lY2FhLTExZTYtOGY4OC0zNDM2M2JjN2M0YzAiOnsiY3JlYXRlIjozMDAwMDAwMDAwMDAsImRlbGV0ZSI6MzAwMDAwMDAwMDAwLCJ1cGRhdGUiOjEyMDAwMDAwMDAwMH19",
          "dependencies": [
            "module.private_vpc.aws_route_table.private_route_table",
            "module.private_vpc.aws_subnet.private_subnet",
            "module.private_vpc.aws_vpc.private_vpc"
          ]
        }
      ]
    },
    {
      "module": "module.private_vpc",
      "mode": "managed",
      "type": "aws_subnet",
      "name": "private_subnet",
      "provider": "provider[\"registry.terraform.io/hashicorp/aws\"]",
      "instances": [
        {
          "index_key": 0,
          "schema_version": 1,
          "attributes": {
            "arn": "arn:aws:ec2:us-east-1:521440290637:subnet/subnet-03977ac80ca09ac0e",
            "assign_ipv6_address_on_creation": false,
            "availability_zone": "us-east-1a",
            "availability_zone_id": "use1-az1",
            "cidr_block": "10.0.0.0/24",
            "customer_owned_ipv4_pool": "",
            "enable_dns64": false,
            "enable_lni_at_device_index": 0,
            "enable_resource_name_dns_a_record_on_launch": false,
            "enable_resource_name_dns_aaaa_record_on_launch": false,
            "id": "subnet-03977ac80ca09ac0e",
            "ipv6_cidr_block": "",
            "ipv6_cidr_block_association_id": "",
            "ipv6_native": false,
            "map_customer_owned_ip_on_launch": false,
            "map_public_ip_on_launch": false,
            "outpost_arn": "",
            "owner_id": "521440290637",
            "private_dns_hostname_type_on_launch": "ip-name",
            "tags": {
              "Name": "dev-tf-websitecv-private-subnet-0"
            },
            "tags_all": {
              "CreatedBy": "Corbin Grossen",
              "Name": "dev-tf-websitecv-private-subnet-0",
              "Project": "websitecv",
              "Stage": "dev"
            },
            "timeouts": null,
            "vpc_id": "vpc-0590a450cecffbe19"
          },
          "sensitive_attributes": [],
          "private": "eyJlMmJmYjczMC1lY2FhLTExZTYtOGY4OC0zNDM2M2JjN2M0YzAiOnsiY3JlYXRlIjo2MDAwMDAwMDAwMDAsImRlbGV0ZSI6MTIwMDAwMDAwMDAwMH0sInNjaGVtYV92ZXJzaW9uIjoiMSJ9",
          "dependencies": [
            "module.private_vpc.aws_vpc.private_vpc"
          ],
          "create_before_destroy": true
        },
        {
          "index_key": 1,
          "schema_version": 1,
          "attributes": {
            "arn": "arn:aws:ec2:us-east-1:521440290637:subnet/subnet-0bc07cb0c910fae1f",
            "assign_ipv6_address_on_creation": false,
            "availability_zone": "us-east-1b",
            "availability_zone_id": "use1-az2",
            "cidr_block": "10.0.1.0/24",
            "customer_owned_ipv4_pool": "",
            "enable_dns64": false,
            "enable_lni_at_device_index": 0,
            "enable_resource_name_dns_a_record_on_launch": false,
            "enable_resource_name_dns_aaaa_record_on_launch": false,
            "id": "subnet-0bc07cb0c910fae1f",
            "ipv6_cidr_block": "",
            "ipv6_cidr_block_association_id": "",
            "ipv6_native": false,
            "map_customer_owned_ip_on_launch": false,
            "map_public_ip_on_launch": false,
            "outpost_arn": "",
            "owner_id": "521440290637",
            "private_dns_hostname_type_on_launch": "ip-name",
            "tags": {
              "Name": "dev-tf-websitecv-private-subnet-1"
            },
            "tags_all": {
              "CreatedBy": "Corbin Grossen",
              "Name": "dev-tf-websitecv-private-subnet-1",
              "Project": "websitecv",
              "Stage": "dev"
            },
            "timeouts": null,
            "vpc_id": "vpc-0590a450cecffbe19"
          },
          "sensitive_attributes": [],
          "private": "eyJlMmJmYjczMC1lY2FhLTExZTYtOGY4OC0zNDM2M2JjN2M0YzAiOnsiY3JlYXRlIjo2MDAwMDAwMDAwMDAsImRlbGV0ZSI6MTIwMDAwMDAwMDAwMH0sInNjaGVtYV92ZXJzaW9uIjoiMSJ9",
          "dependencies": [
            "module.private_vpc.aws_vpc.private_vpc"
          ],
          "create_before_destroy": true
        }
      ]
    },
    {
      "module": "module.private_vpc",
      "mode": "managed",
      "type": "aws_vpc",
      "name": "private_vpc",
      "provider": "provider[\"registry.terraform.io/hashicorp/aws\"]",
      "instances": [
        {
          "schema_version": 1,
          "attributes": {
            "arn": "arn:aws:ec2:us-east-1:521440290637:vpc/vpc-0590a450cecffbe19",
            "assign_generated_ipv6_cidr_block": false,
            "cidr_block": "10.0.0.0/16",
            "default_network_acl_id": "acl-010e84b5867567c3f",
            "default_route_table_id": "rtb-0b4e0420b2e5e74d2",
            "default_security_group_id": "sg-0188f0806f09362ca",
            "dhcp_options_id": "dopt-0a79681cfc474bb7b",
            "enable_dns_hostnames": true,
            "enable_dns_support": true,
            "enable_network_address_usage_metrics": false,
            "id": "vpc-0590a450cecffbe19",
            "instance_tenancy": "default",
            "ipv4_ipam_pool_id": null,
            "ipv4_netmask_length": null,
            "ipv6_association_id": "",
            "ipv6_cidr_block": "",
            "ipv6_cidr_block_network_border_group": "",
            "ipv6_ipam_pool_id": "",
            "ipv6_netmask_length": 0,
            "main_route_table_id": "rtb-0b4e0420b2e5e74d2",
            "owner_id": "521440290637",
            "tags": {
              "Name": "dev-tf-websitecv-private"
            },
            "tags_all": {
              "CreatedBy": "Corbin Grossen",
              "Name": "dev-tf-websitecv-private",
              "Project": "websitecv",
              "Stage": "dev"
            }
          },
          "sensitive_attributes": [],
          "private": "eyJzY2hlbWFfdmVyc2lvbiI6IjEifQ==",
          "create_before_destroy": true
        }
      ]
    },
    {
      "module": "module.public_api",
      "mode": "data",
      "type": "aws_caller_identity",
      "name": "current",
      "provider": "provider[\"registry.terraform.io/hashicorp/aws\"]",
      "instances": [
        {
          "schema_version": 0,
          "attributes": {
            "account_id": "521440290637",
            "arn": "arn:aws:iam::521440290637:user/terraform",
            "id": "521440290637",
            "user_id": "AIDAXS2CDM5GS2M3EA7LJ"
          },
          "sensitive_attributes": []
        }
      ]
    },
    {
      "module": "module.public_api",
      "mode": "data",
      "type": "aws_region",
      "name": "current",
      "provider": "provider[\"registry.terraform.io/hashicorp/aws\"]",
      "instances": [
        {
          "schema_version": 0,
          "attributes": {
            "description": "US East (N. Virginia)",
            "endpoint": "ec2.us-east-1.amazonaws.com",
            "id": "us-east-1",
            "name": "us-east-1"
          },
          "sensitive_attributes": []
        }
      ]
    },
    {
      "module": "module.public_api",
      "mode": "managed",
      "type": "aws_apigatewayv2_api",
      "name": "http_api",
      "provider": "provider[\"registry.terraform.io/hashicorp/aws\"]",
      "instances": [
        {
          "schema_version": 0,
          "attributes": {
            "api_endpoint": "https://rsrmqo3bh3.execute-api.us-east-1.amazonaws.com",
            "api_key_selection_expression": "$request.header.x-api-key",
            "arn": "arn:aws:apigateway:us-east-1::/apis/rsrmqo3bh3",
            "body": null,
            "cors_configuration": [
              {
                "allow_credentials": false,
                "allow_headers": [
                  "*"
                ],
                "allow_methods": [
                  "GET",
                  "HEAD",
                  "OPTIONS"
                ],
                "allow_origins": [
                  "https://d3k40py5iebg64.cloudfront.net"
                ],
                "expose_headers": [],
                "max_age": 0
              }
            ],
            "credentials_arn": null,
            "description": "HTTP API",
            "disable_execute_api_endpoint": false,
            "execution_arn": "arn:aws:execute-api:us-east-1:521440290637:rsrmqo3bh3",
            "fail_on_warnings": null,
            "id": "rsrmqo3bh3",
            "name": "dev-websitecv-api-public",
            "protocol_type": "HTTP",
            "route_key": null,
            "route_selection_expression": "$request.method $request.path",
            "tags": {},
            "tags_all": {
              "CreatedBy": "Corbin Grossen",
              "Project": "websitecv",
              "Stage": "dev"
            },
            "target": null,
            "version": ""
          },
          "sensitive_attributes": [],
          "private": "bnVsbA==",
          "dependencies": [
            "data.aws_caller_identity.current",
            "module.cloudfront_distribution.aws_cloudfront_distribution.s3_distribution",
            "module.cloudfront_distribution.aws_cloudfront_origin_access_control.oac",
            "module.s3_bucket.aws_s3_bucket.bucket"
          ]
        }
      ]
    },
    {
      "module": "module.public_api",
      "mode": "managed",
      "type": "aws_apigatewayv2_integration",
      "name": "api_integration",
      "provider": "provider[\"registry.terraform.io/hashicorp/aws\"]",
      "instances": [
        {
          "index_key": "0",
          "schema_version": 0,
          "attributes": {
            "api_id": "rsrmqo3bh3",
            "connection_id": "",
            "connection_type": "INTERNET",
            "content_handling_strategy": "",
            "credentials_arn": "",
            "description": "",
            "id": "0gur7u5",
            "integration_method": "POST",
            "integration_response_selection_expression": "",
            "integration_subtype": "",
            "integration_type": "AWS_PROXY",
            "integration_uri": "arn:aws:apigateway:us-east-1:lambda:path/2015-03-31/functions/arn:aws:lambda:us-east-1:521440290637:function:dev_tf_proxy_websitecv_getmetrics/invocations",
            "passthrough_behavior": "",
            "payload_format_version": "1.0",
            "request_parameters": {},
            "request_templates": {},
            "response_parameters": [],
            "template_selection_expression": "",
            "timeout_milliseconds": 30000,
            "tls_config": []
          },
          "sensitive_attributes": [],
          "private": "bnVsbA==",
          "dependencies": [
            "aws_lambda_function.lambda_tf_proxy_websitecv_getmetrics",
            "aws_security_group.private_sg",
            "aws_vpc_endpoint.private_api_endpoint",
            "data.aws_caller_identity.current",
            "data.aws_region.current",
            "module.cloudfront_distribution.aws_cloudfront_distribution.s3_distribution",
            "module.cloudfront_distribution.aws_cloudfront_origin_access_control.oac",
            "module.iam_tf_proxy_websitecv_getmetrics.aws_iam_role.role",
            "module.private_api.aws_api_gateway_rest_api.api",
            "module.private_api.data.aws_caller_identity.current",
            "module.private_api.data.aws_region.current",
            "module.private_vpc.aws_subnet.private_subnet",
            "module.private_vpc.aws_vpc.private_vpc",
            "module.public_api.aws_apigatewayv2_api.http_api",
            "module.public_api.data.aws_region.current",
            "module.s3_bucket.aws_s3_bucket.bucket"
          ]
        }
      ]
    },
    {
      "module": "module.public_api",
      "mode": "managed",
      "type": "aws_apigatewayv2_route",
      "name": "api_route",
      "provider": "provider[\"registry.terraform.io/hashicorp/aws\"]",
      "instances": [
        {
          "index_key": "0",
          "schema_version": 0,
          "attributes": {
            "api_id": "rsrmqo3bh3",
            "api_key_required": false,
            "authorization_scopes": [],
            "authorization_type": "NONE",
            "authorizer_id": "",
            "id": "cdcd3t7",
            "model_selection_expression": "",
            "operation_name": "",
            "request_models": {},
            "request_parameter": [],
            "route_key": "GET /metrics",
            "route_response_selection_expression": "",
            "target": "integrations/0gur7u5"
          },
          "sensitive_attributes": [],
          "private": "bnVsbA==",
          "dependencies": [
            "aws_lambda_function.lambda_tf_proxy_websitecv_getmetrics",
            "aws_security_group.private_sg",
            "aws_vpc_endpoint.private_api_endpoint",
            "data.aws_caller_identity.current",
            "data.aws_region.current",
            "module.cloudfront_distribution.aws_cloudfront_distribution.s3_distribution",
            "module.cloudfront_distribution.aws_cloudfront_origin_access_control.oac",
            "module.iam_tf_proxy_websitecv_getmetrics.aws_iam_role.role",
            "module.private_api.aws_api_gateway_rest_api.api",
            "module.private_api.data.aws_caller_identity.current",
            "module.private_api.data.aws_region.current",
            "module.private_vpc.aws_subnet.private_subnet",
            "module.private_vpc.aws_vpc.private_vpc",
            "module.public_api.aws_apigatewayv2_api.http_api",
            "module.public_api.aws_apigatewayv2_integration.api_integration",
            "module.public_api.data.aws_region.current",
            "module.s3_bucket.aws_s3_bucket.bucket"
          ]
        }
      ]
    },
    {
      "module": "module.public_api",
      "mode": "managed",
      "type": "aws_apigatewayv2_stage",
      "name": "api_stage",
      "provider": "provider[\"registry.terraform.io/hashicorp/aws\"]",
      "instances": [
        {
          "schema_version": 0,
          "attributes": {
            "access_log_settings": [],
            "api_id": "rsrmqo3bh3",
            "arn": "arn:aws:apigateway:us-east-1::/apis/rsrmqo3bh3/stages/prod",
            "auto_deploy": true,
            "client_certificate_id": "",
            "default_route_settings": [
              {
                "data_trace_enabled": false,
                "detailed_metrics_enabled": false,
                "logging_level": "",
                "throttling_burst_limit": 0,
                "throttling_rate_limit": 0
              }
            ],
            "deployment_id": "3me7ah",
            "description": "",
            "execution_arn": "arn:aws:execute-api:us-east-1:521440290637:rsrmqo3bh3/prod",
            "id": "prod",
            "invoke_url": "https://rsrmqo3bh3.execute-api.us-east-1.amazonaws.com/prod",
            "name": "prod",
            "route_settings": [],
            "stage_variables": {},
            "tags": {},
            "tags_all": {
              "CreatedBy": "Corbin Grossen",
              "Project": "websitecv",
              "Stage": "dev"
            }
          },
          "sensitive_attributes": [],
          "private": "bnVsbA==",
          "dependencies": [
            "data.aws_caller_identity.current",
            "module.cloudfront_distribution.aws_cloudfront_distribution.s3_distribution",
            "module.cloudfront_distribution.aws_cloudfront_origin_access_control.oac",
            "module.public_api.aws_apigatewayv2_api.http_api",
            "module.s3_bucket.aws_s3_bucket.bucket"
          ]
        }
      ]
    },
    {
      "module": "module.public_api",
      "mode": "managed",
      "type": "aws_lambda_permission",
      "name": "api_gateway_lambda_permission",
      "provider": "provider[\"registry.terraform.io/hashicorp/aws\"]",
      "instances": [
        {
          "index_key": "0",
          "schema_version": 0,
          "attributes": {
            "action": "lambda:InvokeFunction",
            "event_source_token": null,
            "function_name": "arn:aws:lambda:us-east-1:521440290637:function:dev_tf_proxy_websitecv_getmetrics",
            "function_url_auth_type": null,
            "id": "AllowExecutionFromAPIGateway",
            "principal": "apigateway.amazonaws.com",
            "principal_org_id": null,
            "qualifier": "",
            "source_account": null,
            "source_arn": "arn:aws:execute-api:us-east-1:521440290637:rsrmqo3bh3/*/GET/metrics",
            "statement_id": "AllowExecutionFromAPIGateway",
            "statement_id_prefix": ""
          },
          "sensitive_attributes": [],
          "private": "bnVsbA==",
          "dependencies": [
            "aws_lambda_function.lambda_tf_proxy_websitecv_getmetrics",
            "aws_security_group.private_sg",
            "aws_vpc_endpoint.private_api_endpoint",
            "data.aws_caller_identity.current",
            "data.aws_region.current",
            "module.cloudfront_distribution.aws_cloudfront_distribution.s3_distribution",
            "module.cloudfront_distribution.aws_cloudfront_origin_access_control.oac",
            "module.iam_tf_proxy_websitecv_getmetrics.aws_iam_role.role",
            "module.private_api.aws_api_gateway_rest_api.api",
            "module.private_api.data.aws_caller_identity.current",
            "module.private_api.data.aws_region.current",
            "module.private_vpc.aws_subnet.private_subnet",
            "module.private_vpc.aws_vpc.private_vpc",
            "module.public_api.aws_apigatewayv2_api.http_api",
            "module.s3_bucket.aws_s3_bucket.bucket"
          ]
        }
      ]
    },
    {
      "module": "module.s3_bucket",
      "mode": "managed",
      "type": "aws_s3_bucket",
      "name": "bucket",
      "provider": "provider[\"registry.terraform.io/hashicorp/aws\"]",
      "instances": [
        {
          "schema_version": 0,
          "attributes": {
            "acceleration_status": "",
            "acl": null,
            "arn": "arn:aws:s3:::dev-websitecv-webfiles-bucket-521440290637",
            "bucket": "dev-websitecv-webfiles-bucket-521440290637",
            "bucket_domain_name": "dev-websitecv-webfiles-bucket-521440290637.s3.amazonaws.com",
            "bucket_prefix": "",
            "bucket_regional_domain_name": "dev-websitecv-webfiles-bucket-521440290637.s3.us-east-1.amazonaws.com",
            "cors_rule": [],
            "force_destroy": false,
            "grant": [
              {
                "id": "88bf71c147da203fdf44a17f6a89dfc9f8464053c43a6c43298964acd3f67a58",
                "permissions": [
                  "FULL_CONTROL"
                ],
                "type": "CanonicalUser",
                "uri": ""
              }
            ],
            "hosted_zone_id": "Z3AQBSTGFYJSTF",
            "id": "dev-websitecv-webfiles-bucket-521440290637",
            "lifecycle_rule": [],
            "logging": [],
            "object_lock_configuration": [],
            "object_lock_enabled": false,
            "policy": "{\"Id\":\"PolicyForCloudFrontPrivateContent\",\"Statement\":[{\"Action\":\"s3:GetObject\",\"Condition\":{\"StringEquals\":{\"AWS:SourceArn\":\"arn:aws:cloudfront::521440290637:distribution/E37FT4TNDRGHCO\"}},\"Effect\":\"Allow\",\"Principal\":{\"Service\":\"cloudfront.amazonaws.com\"},\"Resource\":\"arn:aws:s3:::dev-websitecv-webfiles-bucket-521440290637/*\",\"Sid\":\"AllowCloudFrontServicePrincipal\"}],\"Version\":\"2008-10-17\"}",
            "region": "us-east-1",
            "replication_configuration": [],
            "request_payer": "BucketOwner",
            "server_side_encryption_configuration": [
              {
                "rule": [
                  {
                    "apply_server_side_encryption_by_default": [
                      {
                        "kms_master_key_id": "",
                        "sse_algorithm": "AES256"
                      }
                    ],
                    "bucket_key_enabled": false
                  }
                ]
              }
            ],
            "tags": {},
            "tags_all": {
              "CreatedBy": "Corbin Grossen",
              "Project": "websitecv",
              "Stage": "dev"
            },
            "timeouts": null,
            "versioning": [
              {
                "enabled": false,
                "mfa_delete": false
              }
            ],
            "website": [],
            "website_domain": null,
            "website_endpoint": null
          },
          "sensitive_attributes": [],
          "private": "eyJlMmJmYjczMC1lY2FhLTExZTYtOGY4OC0zNDM2M2JjN2M0YzAiOnsiY3JlYXRlIjoxMjAwMDAwMDAwMDAwLCJkZWxldGUiOjM2MDAwMDAwMDAwMDAsInJlYWQiOjEyMDAwMDAwMDAwMDAsInVwZGF0ZSI6MTIwMDAwMDAwMDAwMH19",
          "dependencies": [
            "data.aws_caller_identity.current"
          ]
        }
      ]
    },
    {
      "module": "module.s3_bucket",
      "mode": "managed",
      "type": "aws_s3_bucket_public_access_block",
      "name": "public_access_block",
      "provider": "provider[\"registry.terraform.io/hashicorp/aws\"]",
      "instances": [
        {
          "schema_version": 0,
          "attributes": {
            "block_public_acls": true,
            "block_public_policy": true,
            "bucket": "dev-websitecv-webfiles-bucket-521440290637",
            "id": "dev-websitecv-webfiles-bucket-521440290637",
            "ignore_public_acls": true,
            "restrict_public_buckets": true
          },
          "sensitive_attributes": [],
          "private": "bnVsbA==",
          "dependencies": [
            "data.aws_caller_identity.current",
            "module.s3_bucket.aws_s3_bucket.bucket"
          ]
        }
      ]
    },
    {
      "module": "module.s3_bucket_artifacts",
      "mode": "managed",
      "type": "aws_s3_bucket",
      "name": "bucket",
      "provider": "provider[\"registry.terraform.io/hashicorp/aws\"]",
      "instances": [
        {
          "schema_version": 0,
          "attributes": {
            "acceleration_status": "",
            "acl": null,
            "arn": "arn:aws:s3:::dev-codepipeline-artifacts-521440290637",
            "bucket": "dev-codepipeline-artifacts-521440290637",
            "bucket_domain_name": "dev-codepipeline-artifacts-521440290637.s3.amazonaws.com",
            "bucket_prefix": "",
            "bucket_regional_domain_name": "dev-codepipeline-artifacts-521440290637.s3.us-east-1.amazonaws.com",
            "cors_rule": [],
            "force_destroy": false,
            "grant": [
              {
                "id": "88bf71c147da203fdf44a17f6a89dfc9f8464053c43a6c43298964acd3f67a58",
                "permissions": [
                  "FULL_CONTROL"
                ],
                "type": "CanonicalUser",
                "uri": ""
              }
            ],
            "hosted_zone_id": "Z3AQBSTGFYJSTF",
            "id": "dev-codepipeline-artifacts-521440290637",
            "lifecycle_rule": [],
            "logging": [],
            "object_lock_configuration": [],
            "object_lock_enabled": false,
            "policy": "",
            "region": "us-east-1",
            "replication_configuration": [],
            "request_payer": "BucketOwner",
            "server_side_encryption_configuration": [
              {
                "rule": [
                  {
                    "apply_server_side_encryption_by_default": [
                      {
                        "kms_master_key_id": "",
                        "sse_algorithm": "AES256"
                      }
                    ],
                    "bucket_key_enabled": false
                  }
                ]
              }
            ],
            "tags": {},
            "tags_all": {
              "CreatedBy": "Corbin Grossen",
              "Project": "websitecv",
              "Stage": "dev"
            },
            "timeouts": null,
            "versioning": [
              {
                "enabled": false,
                "mfa_delete": false
              }
            ],
            "website": [],
            "website_domain": null,
            "website_endpoint": null
          },
          "sensitive_attributes": [],
          "private": "eyJlMmJmYjczMC1lY2FhLTExZTYtOGY4OC0zNDM2M2JjN2M0YzAiOnsiY3JlYXRlIjoxMjAwMDAwMDAwMDAwLCJkZWxldGUiOjM2MDAwMDAwMDAwMDAsInJlYWQiOjEyMDAwMDAwMDAwMDAsInVwZGF0ZSI6MTIwMDAwMDAwMDAwMH19",
          "dependencies": [
            "data.aws_caller_identity.current"
          ]
        }
      ]
    },
    {
      "module": "module.s3_bucket_artifacts",
      "mode": "managed",
      "type": "aws_s3_bucket_public_access_block",
      "name": "public_access_block",
      "provider": "provider[\"registry.terraform.io/hashicorp/aws\"]",
      "instances": [
        {
          "schema_version": 0,
          "attributes": {
            "block_public_acls": true,
            "block_public_policy": true,
            "bucket": "dev-codepipeline-artifacts-521440290637",
            "id": "dev-codepipeline-artifacts-521440290637",
            "ignore_public_acls": true,
            "restrict_public_buckets": true
          },
          "sensitive_attributes": [],
          "private": "bnVsbA==",
          "dependencies": [
            "data.aws_caller_identity.current",
            "module.s3_bucket_artifacts.aws_s3_bucket.bucket"
          ]
        }
      ]
    },
    {
      "module": "module.s3_bucket_policy",
      "mode": "managed",
      "type": "aws_s3_bucket_policy",
      "name": "bucket_policy",
      "provider": "provider[\"registry.terraform.io/hashicorp/aws\"]",
      "instances": [
        {
          "schema_version": 0,
          "attributes": {
            "bucket": "dev-websitecv-webfiles-bucket-521440290637",
            "id": "dev-websitecv-webfiles-bucket-521440290637",
            "policy": "{\"Id\":\"PolicyForCloudFrontPrivateContent\",\"Statement\":[{\"Action\":\"s3:GetObject\",\"Condition\":{\"StringEquals\":{\"AWS:SourceArn\":\"arn:aws:cloudfront::521440290637:distribution/E37FT4TNDRGHCO\"}},\"Effect\":\"Allow\",\"Principal\":{\"Service\":\"cloudfront.amazonaws.com\"},\"Resource\":\"arn:aws:s3:::dev-websitecv-webfiles-bucket-521440290637/*\",\"Sid\":\"AllowCloudFrontServicePrincipal\"}],\"Version\":\"2008-10-17\"}"
          },
          "sensitive_attributes": [],
          "private": "bnVsbA==",
          "dependencies": [
            "data.aws_caller_identity.current",
            "module.cloudfront_distribution.aws_cloudfront_distribution.s3_distribution",
            "module.cloudfront_distribution.aws_cloudfront_origin_access_control.oac",
            "module.s3_bucket.aws_s3_bucket.bucket"
          ]
        }
      ]
    }
  ],
  "check_results": null
}
